// !$*UTF8*$!
{
	archiveVersion = 1;
	classes = {
	};
	objectVersion = 38;
	objects = {
		014CEA520018CE5811CA2923 = {
			buildRules = (
			);
			buildSettings = {
				COPY_PHASE_STRIP = NO;
				OPTIMIZATION_CFLAGS = "-O0";
			};
			isa = PBXBuildStyle;
			name = Development;
		};
		014CEA530018CE5811CA2923 = {
			buildRules = (
			);
			buildSettings = {
				COPY_PHASE_STRIP = YES;
			};
			isa = PBXBuildStyle;
			name = Deployment;
		};
//010
//011
//012
//013
//014
//030
//031
//032
//033
//034
		034768E8FF38A79811DB9C8B = {
			isa = PBXExecutableFileReference;
			path = ngircd;
			refType = 3;
		};
//030
//031
//032
//033
//034
//080
//081
//082
//083
//084
		08FB7793FE84155DC02AAC07 = {
			buildStyles = (
				014CEA520018CE5811CA2923,
				014CEA530018CE5811CA2923,
			);
			hasScannedForEncodings = 1;
			isa = PBXProject;
			mainGroup = 08FB7794FE84155DC02AAC07;
			projectDirPath = "";
			targets = (
				08FB779FFE84155DC02AAC07,
				F538241E024F89BC01A85B04,
				F5BEF13002A129DC01A85B03,
			);
		};
		08FB7794FE84155DC02AAC07 = {
			children = (
				1AB674ADFE9D54B511CA2CBB,
				F56D8B9E01E0BFA00155ADA7,
				F5D3536103892A8A01A85B04,
				F51F791401DFD0DE01D13771,
				F520AF150335F1B801A85B04,
				F52162B301C7B904012300F4,
				F52162C301C7B904012300F4,
				F52162C401C7B904012300F4,
				F52162C501C7B904012300F4,
				F52162CB01C7B904012300F4,
				F52162C601C7B904012300F4,
				F52162C701C7B904012300F4,
				F52162C901C7B904012300F4,
				F52162CA01C7B904012300F4,
				F52162C801C7B904012300F4,
			);
			isa = PBXGroup;
			name = ngircd;
			refType = 4;
		};
		08FB779FFE84155DC02AAC07 = {
			buildPhases = (
				08FB77A0FE84155DC02AAC07,
				08FB77A1FE84155DC02AAC07,
				08FB77A3FE84155DC02AAC07,
				08FB77A5FE84155DC02AAC07,
			);
			buildSettings = {
				FRAMEWORK_SEARCH_PATHS = "";
				GCC_TREAT_WARNINGS_AS_ERRORS = YES;
				HEADER_SEARCH_PATHS = "";
				INSTALL_PATH = "$(HOME)/bin";
				LIBRARY_SEARCH_PATHS = "";
				OPTIMIZATION_CFLAGS = "-O2";
				OTHER_CFLAGS = "-DSYSCONFDIR=\\\\\\\"/usr/local/etc\\\\\\\"";
				OTHER_LDFLAGS = "-lz -lwrap";
				OTHER_REZFLAGS = "";
				PRODUCT_NAME = ngircd;
				REZ_EXECUTABLE = YES;
				SECTORDER_FLAGS = "";
				WARNING_CFLAGS = "-Wall";
			};
			dependencies = (
			);
			isa = PBXToolTarget;
			name = ngircd;
			productInstallPath = "$(HOME)/bin";
			productName = ngircd;
			productReference = 034768E8FF38A79811DB9C8B;
		};
		08FB77A0FE84155DC02AAC07 = {
			buildActionMask = 2147483647;
			files = (
				F52162CE01C7B904012300F4,
				F52162CF01C7B904012300F4,
				F52162D901C7BAAE012300F4,
				F52162DC01C7BCDD012300F4,
				F52162E401C7C79E012300F4,
				F51D17FE01C8F5B701E11C2E,
				F51D180401C8FDD001E11C2E,
				F51D180501C8FDD001E11C2E,
				F576ABFC01D5E77301A85B03,
				F576ABFF01D61D7401A85B03,
				F51F791301DFC95301D13771,
				F51DBB15022D95E801A85B04,
				F51DBB19022D995501A85B04,
				F51DBB1D022D9D8F01A85B04,
				F57C88870232853501A85B04,
				F57C888B0232884501A85B04,
				F57C888F02328D7201A85B04,
				F5F18138023EC63701A85B04,
				F5F18139023EC63701A85B04,
				F5F1813A023EC63701A85B04,
				F55047BC0240F6E501A85B04,
				F51044550297AC170173DE11,
				F5BEF12A02A0EFE201A85B03,
				F5BEF12E02A1169C01A85B03,
				F5BEF13302A12AFE01A85B03,
				F5E9448502C9F49D01A85B04,
				F5D5CC9403990FED0155B873,
				FA42C8B003C0A01400A85B04,
				FA42C8B403C0B30700A85B04,
				FA550F2E03D59C8D00A85B04,
				FAC51A0F042905AF00214FB8,
			);
			isa = PBXHeadersBuildPhase;
			runOnlyForDeploymentPostprocessing = 0;
		};
		08FB77A1FE84155DC02AAC07 = {
			buildActionMask = 2147483647;
			files = (
				F52162D101C7B904012300F4,
				F52162D201C7B904012300F4,
				F52162DD01C7BCDD012300F4,
				F52162E501C7C79E012300F4,
				F51D17FF01C8F5B701E11C2E,
				F51D180701C8FDD001E11C2E,
				F576ABFD01D5E77301A85B03,
				F5263AEE01E263D201CE8F8F,
				F51DBB16022D95E801A85B04,
				F51DBB1A022D995501A85B04,
				F51DBB1E022D9D8F01A85B04,
				F57C88880232853501A85B04,
				F57C888C0232884501A85B04,
				F57C889002328D7201A85B04,
				F55047BD0240F6E501A85B04,
				F51044560297B5D40173DE11,
				F5BEF12B02A0EFE201A85B03,
				F5BEF12F02A1169C01A85B03,
				F5BEF13502A24F1001A85B03,
				F5E9448602C9F49D01A85B04,
				F5D5CC9603990FFA0155B873,
				FAC0384003BB335400A85B04,
				FA42C8AE03C0A00B00A85B04,
				FA42C8B203C0B2F300A85B04,
				FA550F2D03D59C8C00A85B04,
				FAC51A0E042905AF00214FB8,
			);
			isa = PBXSourcesBuildPhase;
			runOnlyForDeploymentPostprocessing = 0;
		};
		08FB77A3FE84155DC02AAC07 = {
			buildActionMask = 2147483647;
			files = (
			);
			isa = PBXFrameworksBuildPhase;
			runOnlyForDeploymentPostprocessing = 0;
		};
		08FB77A5FE84155DC02AAC07 = {
			buildActionMask = 2147483647;
			files = (
			);
			isa = PBXRezBuildPhase;
			runOnlyForDeploymentPostprocessing = 0;
		};
//080
//081
//082
//083
//084
//1A0
//1A1
//1A2
//1A3
//1A4
		1AB674ADFE9D54B511CA2CBB = {
			children = (
				034768E8FF38A79811DB9C8B,
				F538241D024F89BC01A85B04,
			);
			isa = PBXGroup;
			name = Products;
			path = "";
			refType = 2;
		};
//1A0
//1A1
//1A2
//1A3
//1A4
//F50
//F51
//F52
//F53
//F54
		F51044520297ABF80173DE11 = {
			fileEncoding = 5;
			isa = PBXFileReference;
			name = vsnprintf.c;
			path = ../src/portab/vsnprintf.c;
			refType = 2;
		};
		F51044540297AC170173DE11 = {
			fileEncoding = 5;
			isa = PBXFileReference;
			name = splint.h;
			path = ../src/portab/splint.h;
			refType = 2;
		};
		F51044550297AC170173DE11 = {
			fileRef = F51044540297AC170173DE11;
			isa = PBXBuildFile;
			settings = {
			};
		};
		F51044560297B5D40173DE11 = {
			fileRef = F51044520297ABF80173DE11;
			isa = PBXBuildFile;
			settings = {
			};
		};
		F51D17FC01C8F5B701E11C2E = {
			fileEncoding = 5;
			isa = PBXFileReference;
			name = client.c;
			path = ../src/ngircd/client.c;
			refType = 2;
		};
		F51D17FD01C8F5B701E11C2E = {
			fileEncoding = 5;
			isa = PBXFileReference;
			name = client.h;
			path = ../src/ngircd/client.h;
			refType = 2;
		};
		F51D17FE01C8F5B701E11C2E = {
			fileRef = F51D17FD01C8F5B701E11C2E;
			isa = PBXBuildFile;
			settings = {
			};
		};
		F51D17FF01C8F5B701E11C2E = {
			fileRef = F51D17FC01C8F5B701E11C2E;
			isa = PBXBuildFile;
			settings = {
			};
		};
		F51D180001C8FDD001E11C2E = {
			fileEncoding = 5;
			isa = PBXFileReference;
			name = channel.c;
			path = ../src/ngircd/channel.c;
			refType = 2;
		};
		F51D180101C8FDD001E11C2E = {
			fileEncoding = 5;
			isa = PBXFileReference;
			name = channel.h;
			path = ../src/ngircd/channel.h;
			refType = 2;
		};
		F51D180201C8FDD001E11C2E = {
			fileEncoding = 5;
			isa = PBXFileReference;
			name = irc.c;
			path = ../src/ngircd/irc.c;
			refType = 2;
		};
		F51D180301C8FDD001E11C2E = {
			fileEncoding = 5;
			isa = PBXFileReference;
			name = irc.h;
			path = ../src/ngircd/irc.h;
			refType = 2;
		};
		F51D180401C8FDD001E11C2E = {
			fileRef = F51D180101C8FDD001E11C2E;
			isa = PBXBuildFile;
			settings = {
			};
		};
		F51D180501C8FDD001E11C2E = {
			fileRef = F51D180301C8FDD001E11C2E;
			isa = PBXBuildFile;
			settings = {
			};
		};
		F51D180701C8FDD001E11C2E = {
			fileRef = F51D180201C8FDD001E11C2E;
			isa = PBXBuildFile;
			settings = {
			};
		};
		F51DBB13022D95E801A85B04 = {
			fileEncoding = 5;
			isa = PBXFileReference;
			name = "irc-write.c";
			path = "../src/ngircd/irc-write.c";
			refType = 2;
		};
		F51DBB14022D95E801A85B04 = {
			fileEncoding = 5;
			isa = PBXFileReference;
			name = "irc-write.h";
			path = "../src/ngircd/irc-write.h";
			refType = 2;
		};
		F51DBB15022D95E801A85B04 = {
			fileRef = F51DBB14022D95E801A85B04;
			isa = PBXBuildFile;
			settings = {
			};
		};
		F51DBB16022D95E801A85B04 = {
			fileRef = F51DBB13022D95E801A85B04;
			isa = PBXBuildFile;
			settings = {
			};
		};
		F51DBB17022D995501A85B04 = {
			fileEncoding = 5;
			isa = PBXFileReference;
			name = "irc-mode.c";
			path = "../src/ngircd/irc-mode.c";
			refType = 2;
		};
		F51DBB18022D995501A85B04 = {
			fileEncoding = 5;
			isa = PBXFileReference;
			name = "irc-mode.h";
			path = "../src/ngircd/irc-mode.h";
			refType = 2;
		};
		F51DBB19022D995501A85B04 = {
			fileRef = F51DBB18022D995501A85B04;
			isa = PBXBuildFile;
			settings = {
			};
		};
		F51DBB1A022D995501A85B04 = {
			fileRef = F51DBB17022D995501A85B04;
			isa = PBXBuildFile;
			settings = {
			};
		};
		F51DBB1B022D9D8F01A85B04 = {
			fileEncoding = 5;
			isa = PBXFileReference;
			name = "irc-login.c";
			path = "../src/ngircd/irc-login.c";
			refType = 2;
		};
		F51DBB1C022D9D8F01A85B04 = {
			fileEncoding = 5;
			isa = PBXFileReference;
			name = "irc-login.h";
			path = "../src/ngircd/irc-login.h";
			refType = 2;
		};
		F51DBB1D022D9D8F01A85B04 = {
			fileRef = F51DBB1C022D9D8F01A85B04;
			isa = PBXBuildFile;
			settings = {
			};
		};
		F51DBB1E022D9D8F01A85B04 = {
			fileRef = F51DBB1B022D9D8F01A85B04;
			isa = PBXBuildFile;
			settings = {
			};
		};
		F51F791201DFC95301D13771 = {
			fileEncoding = 5;
			isa = PBXFileReference;
			name = defines.h;
			path = ../src/ngircd/defines.h;
			refType = 2;
		};
		F51F791301DFC95301D13771 = {
			fileRef = F51F791201DFC95301D13771;
			isa = PBXBuildFile;
			settings = {
			};
		};
		F51F791401DFD0DE01D13771 = {
			children = (
				F5263AEF01E2A9B801CE8F8F,
				F51F791501DFD0DE01D13771,
				F5E9447D02C9EE2801A85B04,
				FA0B193305060CB800A85B04,
				F5B565290325412B01A85B04,
				F5E9447E02C9EE2801A85B04,
				F5E9447F02C9EE2801A85B04,
				F51F791601DFD0DE01D13771,
				F51F791701DFD0DE01D13771,
			);
			isa = PBXGroup;
			name = doc;
			path = ../doc;
			refType = 2;
		};
		F51F791501DFD0DE01D13771 = {
			fileEncoding = 5;
			isa = PBXFileReference;
			name = CVS.txt;
			path = ../doc/CVS.txt;
			refType = 2;
		};
		F51F791601DFD0DE01D13771 = {
			fileEncoding = 5;
			isa = PBXFileReference;
			name = RFC.txt;
			path = ../doc/RFC.txt;
			refType = 2;
		};
		F51F791701DFD0DE01D13771 = {
			fileEncoding = 5;
			isa = PBXFileReference;
			name = "sample-ngircd.conf";
			path = "../doc/sample-ngircd.conf";
			refType = 2;
		};
		F520AEA80335E29001A85B04 = {
			children = (
				F520AEA90335E29001A85B04,
				F520AEAA0335E29001A85B04,
				F520AEAC0335E29001A85B04,
				F520AEAD0335E29001A85B04,
				F520AEAE0335E29001A85B04,
				F520AECA0335E29001A85B04,
				F520AECC0335E29001A85B04,
				F520AECD0335E29001A85B04,
				F520AED00335E29001A85B04,
				F520AED40335E29001A85B04,
				F520AED50335E29001A85B04,
				F520AED60335E29001A85B04,
				F520AED70335E29001A85B04,
				F520AED80335E29001A85B04,
				F520AF0C0335E29001A85B04,
			);
			isa = PBXGroup;
			name = testsuite;
			path = ../src/testsuite;
			refType = 2;
		};
		F520AEA90335E29001A85B04 = {
			fileEncoding = 5;
			isa = PBXExecutableFileReference;
			name = "channel-test";
			path = ../src/testsuite/tests.sh;
			refType = 2;
		};
		F520AEAA0335E29001A85B04 = {
			fileEncoding = 5;
			isa = PBXFileReference;
			name = "channel-test.e";
			path = "../src/testsuite/channel-test.e";
			refType = 2;
		};
		F520AEAC0335E29001A85B04 = {
			fileEncoding = 5;
			isa = PBXFileReference;
			name = "check-idle.e";
			path = "../src/testsuite/check-idle.e";
			refType = 2;
		};
		F520AEAD0335E29001A85B04 = {
			fileEncoding = 5;
			isa = PBXExecutableFileReference;
			name = "connect-test";
			path = ../src/testsuite/tests.sh;
			refType = 2;
		};
		F520AEAE0335E29001A85B04 = {
			fileEncoding = 5;
			isa = PBXFileReference;
			name = "connect-test.e";
			path = "../src/testsuite/connect-test.e";
			refType = 2;
		};
		F520AECA0335E29001A85B04 = {
			fileEncoding = 5;
			isa = PBXFileReference;
			name = Makefile.am;
			path = ../src/testsuite/Makefile.am;
			refType = 2;
		};
		F520AECC0335E29001A85B04 = {
			fileEncoding = 5;
			isa = PBXExecutableFileReference;
			name = "mode-test";
			path = ../src/testsuite/tests.sh;
			refType = 2;
		};
		F520AECD0335E29001A85B04 = {
			fileEncoding = 5;
			isa = PBXFileReference;
			name = "mode-test.e";
			path = "../src/testsuite/mode-test.e";
			refType = 2;
		};
		F520AED00335E29001A85B04 = {
			fileEncoding = 5;
			isa = PBXFileReference;
			name = "ngircd-test.conf";
			path = "../src/testsuite/ngircd-test.conf";
			refType = 2;
		};
		F520AED40335E29001A85B04 = {
			fileEncoding = 5;
			isa = PBXExecutableFileReference;
			name = "start-server.sh";
			path = "../src/testsuite/start-server.sh";
			refType = 2;
		};
		F520AED50335E29001A85B04 = {
			fileEncoding = 5;
			isa = PBXExecutableFileReference;
			name = "stop-server.sh";
			path = "../src/testsuite/stop-server.sh";
			refType = 2;
		};
		F520AED60335E29001A85B04 = {
			fileEncoding = 5;
			isa = PBXFileReference;
			name = "stress-A.e";
			path = "../src/testsuite/stress-A.e";
			refType = 2;
		};
		F520AED70335E29001A85B04 = {
			fileEncoding = 5;
			isa = PBXFileReference;
			name = "stress-B.e";
			path = "../src/testsuite/stress-B.e";
			refType = 2;
		};
		F520AED80335E29001A85B04 = {
			fileEncoding = 5;
			isa = PBXExecutableFileReference;
			name = "stress-server.sh";
			path = "../src/testsuite/stress-server.sh";
			refType = 2;
		};
		F520AF0C0335E29001A85B04 = {
			fileEncoding = 5;
			isa = PBXExecutableFileReference;
			name = tests.sh;
			path = ../src/testsuite/tests.sh;
			refType = 2;
		};
		F520AF150335F1B801A85B04 = {
			children = (
				F520AF180335F1B801A85B04,
				F520AF1A0335F1B801A85B04,
				F520AF1B0335F1B801A85B04,
			);
			isa = PBXGroup;
			name = man;
			path = ../man;
			refType = 2;
		};
		F520AF180335F1B801A85B04 = {
			fileEncoding = 5;
			isa = PBXFileReference;
			name = Makefile.am;
			path = ../man/Makefile.am;
			refType = 2;
		};
		F520AF1A0335F1B801A85B04 = {
			fileEncoding = 5;
			isa = PBXFileReference;
			name = ngircd.8;
			path = ../man/ngircd.8;
			refType = 2;
		};
		F520AF1B0335F1B801A85B04 = {
			fileEncoding = 5;
			isa = PBXFileReference;
			name = ngircd.conf.5;
			path = ../man/ngircd.conf.5;
			refType = 2;
		};
		F52162B301C7B904012300F4 = {
			children = (
				F52162B801C7B904012300F4,
				F52162D801C7BAAE012300F4,
				F52162B901C7B904012300F4,
				F5F18132023EC61E01A85B04,
				FA550F2903D59C4D00A85B04,
				F520AEA80335E29001A85B04,
			);
			isa = PBXGroup;
			name = src;
			path = ../src;
			refType = 2;
		};
		F52162B801C7B904012300F4 = {
			fileEncoding = 5;
			isa = PBXFileReference;
			name = Makefile.am;
			path = ../src/Makefile.am;
			refType = 2;
		};
		F52162B901C7B904012300F4 = {
			children = (
				F52162BD01C7B904012300F4,
				F52162BE01C7B904012300F4,
				F52162BF01C7B904012300F4,
				F51D180001C8FDD001E11C2E,
				F51D180101C8FDD001E11C2E,
				F51D17FC01C8F5B701E11C2E,
				F51D17FD01C8F5B701E11C2E,
				F52162E201C7C77B012300F4,
				F52162E301C7C77B012300F4,
				F52162DA01C7BCDC012300F4,
				F52162DB01C7BCDC012300F4,
				FA42C8B103C0B2F300A85B04,
				FA42C8B303C0B30700A85B04,
				FA42C8AD03C0A00B00A85B04,
				FA42C8AF03C0A01400A85B04,
				F55047BA0240F6E501A85B04,
				F55047BB0240F6E501A85B04,
				F51D180201C8FDD001E11C2E,
				F51D180301C8FDD001E11C2E,
				F57C888D02328D7201A85B04,
				F57C888E02328D7201A85B04,
				F5D5CC9503990FFA0155B873,
				F5D5CC9303990FED0155B873,
				F51DBB1B022D9D8F01A85B04,
				F51DBB1C022D9D8F01A85B04,
				F51DBB17022D995501A85B04,
				F51DBB18022D995501A85B04,
				F5BEF12C02A1169C01A85B03,
				F5BEF12D02A1169C01A85B03,
				F57C88850232853501A85B04,
				F57C88860232853501A85B04,
				F57C88890232884501A85B04,
				F57C888A0232884501A85B04,
				F51DBB13022D95E801A85B04,
				F51DBB14022D95E801A85B04,
				F5BEF12802A0EFE201A85B03,
				F5BEF12902A0EFE201A85B03,
				F52162BB01C7B904012300F4,
				F52162BC01C7B904012300F4,
				F5E9448402C9F49D01A85B04,
				F5E9448302C9F49D01A85B04,
				F576ABFA01D5E77301A85B03,
				F576ABFB01D5E77301A85B03,
				FAC51A0C042905AF00214FB8,
				FAC51A0D042905AF00214FB8,
				F5BEF13102A12AFE01A85B03,
				F5BEF13202A12AFE01A85B03,
				F51F791201DFC95301D13771,
				F576ABFE01D61D7401A85B03,
			);
			isa = PBXGroup;
			name = ngircd;
			path = ../src/ngircd;
			refType = 2;
		};
		F52162BB01C7B904012300F4 = {
			fileEncoding = 5;
			isa = PBXFileReference;
			name = log.c;
			path = ../src/ngircd/log.c;
			refType = 2;
		};
		F52162BC01C7B904012300F4 = {
			fileEncoding = 5;
			isa = PBXFileReference;
			name = log.h;
			path = ../src/ngircd/log.h;
			refType = 2;
		};
		F52162BD01C7B904012300F4 = {
			fileEncoding = 5;
			isa = PBXFileReference;
			name = Makefile.am;
			path = ../src/ngircd/Makefile.am;
			refType = 2;
		};
		F52162BE01C7B904012300F4 = {
			fileEncoding = 5;
			isa = PBXFileReference;
			name = ngircd.c;
			path = ../src/ngircd/ngircd.c;
			refType = 2;
		};
		F52162BF01C7B904012300F4 = {
			fileEncoding = 5;
			isa = PBXFileReference;
			name = ngircd.h;
			path = ../src/ngircd/ngircd.h;
			refType = 2;
		};
		F52162C301C7B904012300F4 = {
			fileEncoding = 5;
			isa = PBXExecutableFileReference;
			name = autogen.sh;
			path = ../autogen.sh;
			refType = 2;
		};
		F52162C401C7B904012300F4 = {
			fileEncoding = 5;
			isa = PBXFileReference;
			name = configure.in;
			path = ../configure.in;
			refType = 2;
		};
		F52162C501C7B904012300F4 = {
			fileEncoding = 5;
			isa = PBXFileReference;
			name = Makefile.am;
			path = ../Makefile.am;
			refType = 2;
		};
		F52162C601C7B904012300F4 = {
			fileEncoding = 5;
			isa = PBXFileReference;
			name = INSTALL;
			path = ../INSTALL;
			refType = 2;
		};
		F52162C701C7B904012300F4 = {
			fileEncoding = 5;
			isa = PBXFileReference;
			name = AUTHORS;
			path = ../AUTHORS;
			refType = 2;
		};
		F52162C801C7B904012300F4 = {
			fileEncoding = 5;
			isa = PBXFileReference;
			name = ChangeLog;
			path = ../ChangeLog;
			refType = 2;
		};
		F52162C901C7B904012300F4 = {
			fileEncoding = 5;
			isa = PBXFileReference;
			name = COPYING;
			path = ../COPYING;
			refType = 2;
		};
		F52162CA01C7B904012300F4 = {
			fileEncoding = 5;
			isa = PBXFileReference;
			name = NEWS;
			path = ../NEWS;
			refType = 2;
		};
		F52162CB01C7B904012300F4 = {
			fileEncoding = 5;
			isa = PBXFileReference;
			name = README;
			path = ../README;
			refType = 2;
		};
		F52162CE01C7B904012300F4 = {
			fileRef = F52162BC01C7B904012300F4;
			isa = PBXBuildFile;
			settings = {
			};
		};
		F52162CF01C7B904012300F4 = {
			fileRef = F52162BF01C7B904012300F4;
			isa = PBXBuildFile;
			settings = {
			};
		};
		F52162D101C7B904012300F4 = {
			fileRef = F52162BB01C7B904012300F4;
			isa = PBXBuildFile;
			settings = {
			};
		};
		F52162D201C7B904012300F4 = {
			fileRef = F52162BE01C7B904012300F4;
			isa = PBXBuildFile;
			settings = {
			};
		};
		F52162D801C7BAAE012300F4 = {
			fileEncoding = 5;
			isa = PBXFileReference;
			name = config.h;
			path = ../src/config.h;
			refType = 2;
		};
		F52162D901C7BAAE012300F4 = {
			fileRef = F52162D801C7BAAE012300F4;
			isa = PBXBuildFile;
			settings = {
			};
		};
		F52162DA01C7BCDC012300F4 = {
			fileEncoding = 5;
			isa = PBXFileReference;
			name = conn.c;
			path = ../src/ngircd/conn.c;
			refType = 2;
		};
		F52162DB01C7BCDC012300F4 = {
			fileEncoding = 5;
			isa = PBXFileReference;
			name = conn.h;
			path = ../src/ngircd/conn.h;
			refType = 2;
		};
		F52162DC01C7BCDD012300F4 = {
			fileRef = F52162DB01C7BCDC012300F4;
			isa = PBXBuildFile;
			settings = {
			};
		};
		F52162DD01C7BCDD012300F4 = {
			fileRef = F52162DA01C7BCDC012300F4;
			isa = PBXBuildFile;
			settings = {
			};
		};
		F52162E201C7C77B012300F4 = {
			fileEncoding = 5;
			isa = PBXFileReference;
			name = conf.c;
			path = ../src/ngircd/conf.c;
			refType = 2;
		};
		F52162E301C7C77B012300F4 = {
			fileEncoding = 5;
			isa = PBXFileReference;
			name = conf.h;
			path = ../src/ngircd/conf.h;
			refType = 2;
		};
		F52162E401C7C79E012300F4 = {
			fileRef = F52162E301C7C77B012300F4;
			isa = PBXBuildFile;
			settings = {
			};
		};
		F52162E501C7C79E012300F4 = {
			fileRef = F52162E201C7C77B012300F4;
			isa = PBXBuildFile;
			settings = {
			};
		};
		F5263AEE01E263D201CE8F8F = {
			fileRef = F51D180001C8FDD001E11C2E;
			isa = PBXBuildFile;
			settings = {
			};
		};
		F5263AEF01E2A9B801CE8F8F = {
			fileEncoding = 5;
			isa = PBXFileReference;
			name = Makefile.am;
			path = ../doc/Makefile.am;
			refType = 2;
		};
		F538241D024F89BC01A85B04 = {
			isa = PBXExecutableFileReference;
			path = portabtest;
			refType = 3;
		};
		F538241E024F89BC01A85B04 = {
			buildPhases = (
				F538241F024F89BC01A85B04,
				F5382423024F89BC01A85B04,
				F5382425024F89BC01A85B04,
				F5382426024F89BC01A85B04,
			);
			buildSettings = {
				GCC_TREAT_WARNINGS_AS_ERRORS = YES;
				OPTIMIZATION_CFLAGS = "-O2";
				OTHER_CFLAGS = "";
				OTHER_LDFLAGS = "";
				OTHER_REZFLAGS = "";
				PRODUCT_NAME = portabtest;
				REZ_EXECUTABLE = YES;
				SECTORDER_FLAGS = "";
				WARNING_CFLAGS = "-Wall";
			};
			dependencies = (
			);
			isa = PBXToolTarget;
			name = portabtest;
			productInstallPath = /usr/local/bin;
			productName = portabtest;
			productReference = F538241D024F89BC01A85B04;
		};
		F538241F024F89BC01A85B04 = {
			buildActionMask = 2147483647;
			files = (
				F5382420024F89BC01A85B04,
				F5382421024F89BC01A85B04,
				F5382422024F89BC01A85B04,
				FAC0383D03BB318600A85B04,
				FA550F3003D59C9100A85B04,
			);
			isa = PBXHeadersBuildPhase;
			runOnlyForDeploymentPostprocessing = 0;
		};
		F5382420024F89BC01A85B04 = {
			fileRef = F5F18134023EC63701A85B04;
			isa = PBXBuildFile;
			settings = {
			};
		};
		F5382421024F89BC01A85B04 = {
			fileRef = F5F18135023EC63701A85B04;
			isa = PBXBuildFile;
			settings = {
			};
		};
		F5382422024F89BC01A85B04 = {
			fileRef = F5F18136023EC63701A85B04;
			isa = PBXBuildFile;
			settings = {
			};
		};
		F5382423024F89BC01A85B04 = {
			buildActionMask = 2147483647;
			files = (
				F5382424024F89BC01A85B04,
				FAC0383C03BB318400A85B04,
				FAC0383F03BB335400A85B04,
				FA550F2F03D59C9000A85B04,
			);
			isa = PBXSourcesBuildPhase;
			runOnlyForDeploymentPostprocessing = 0;
		};
		F5382424024F89BC01A85B04 = {
			fileRef = F5F18137023EC63701A85B04;
			isa = PBXBuildFile;
			settings = {
			};
		};
		F5382425024F89BC01A85B04 = {
			buildActionMask = 2147483647;
			files = (
			);
			isa = PBXFrameworksBuildPhase;
			runOnlyForDeploymentPostprocessing = 0;
		};
		F5382426024F89BC01A85B04 = {
			buildActionMask = 2147483647;
			files = (
			);
			isa = PBXRezBuildPhase;
			runOnlyForDeploymentPostprocessing = 0;
		};
		F55047BA0240F6E501A85B04 = {
			fileEncoding = 5;
			isa = PBXFileReference;
			name = hash.c;
			path = ../src/ngircd/hash.c;
			refType = 2;
		};
		F55047BB0240F6E501A85B04 = {
			fileEncoding = 5;
			isa = PBXFileReference;
			name = hash.h;
			path = ../src/ngircd/hash.h;
			refType = 2;
		};
		F55047BC0240F6E501A85B04 = {
			fileRef = F55047BB0240F6E501A85B04;
			isa = PBXBuildFile;
			settings = {
			};
		};
		F55047BD0240F6E501A85B04 = {
			fileRef = F55047BA0240F6E501A85B04;
			isa = PBXBuildFile;
			settings = {
			};
		};
		F56D8B9E01E0BFA00155ADA7 = {
			children = (
				F56D8B9F01E0BFA00155ADA7,
				F56D8BA001E0BFA00155ADA7,
			);
			isa = PBXGroup;
			name = MacOSX;
			path = "";
			refType = 2;
		};
		F56D8B9F01E0BFA00155ADA7 = {
			fileEncoding = 5;
			isa = PBXFileReference;
			path = Makefile.am;
			refType = 2;
		};
		F56D8BA001E0BFA00155ADA7 = {
			children = (
				F56D8BA101E0BFA00155ADA7,
			);
			isa = PBXGroup;
			path = ngircd.pbproj;
			refType = 2;
		};
		F56D8BA101E0BFA00155ADA7 = {
			fileEncoding = 5;
			isa = PBXFileReference;
			name = Makefile.am;
			path = ngircd.pbproj/Makefile.am;
			refType = 2;
		};
		F576ABFA01D5E77301A85B03 = {
			fileEncoding = 5;
			isa = PBXFileReference;
			name = parse.c;
			path = ../src/ngircd/parse.c;
			refType = 2;
		};
		F576ABFB01D5E77301A85B03 = {
			fileEncoding = 5;
			isa = PBXFileReference;
			name = parse.h;
			path = ../src/ngircd/parse.h;
			refType = 2;
		};
		F576ABFC01D5E77301A85B03 = {
			fileRef = F576ABFB01D5E77301A85B03;
			isa = PBXBuildFile;
			settings = {
			};
		};
		F576ABFD01D5E77301A85B03 = {
			fileRef = F576ABFA01D5E77301A85B03;
			isa = PBXBuildFile;
			settings = {
			};
		};
		F576ABFE01D61D7401A85B03 = {
			fileEncoding = 5;
			isa = PBXFileReference;
			name = messages.h;
			path = ../src/ngircd/messages.h;
			refType = 2;
		};
		F576ABFF01D61D7401A85B03 = {
			fileRef = F576ABFE01D61D7401A85B03;
			isa = PBXBuildFile;
			settings = {
			};
		};
		F57C88850232853501A85B04 = {
			fileEncoding = 5;
			isa = PBXFileReference;
			name = "irc-oper.c";
			path = "../src/ngircd/irc-oper.c";
			refType = 2;
		};
		F57C88860232853501A85B04 = {
			fileEncoding = 5;
			isa = PBXFileReference;
			name = "irc-oper.h";
			path = "../src/ngircd/irc-oper.h";
			refType = 2;
		};
		F57C88870232853501A85B04 = {
			fileRef = F57C88860232853501A85B04;
			isa = PBXBuildFile;
			settings = {
			};
		};
		F57C88880232853501A85B04 = {
			fileRef = F57C88850232853501A85B04;
			isa = PBXBuildFile;
			settings = {
			};
		};
		F57C88890232884501A85B04 = {
			fileEncoding = 5;
			isa = PBXFileReference;
			name = "irc-server.c";
			path = "../src/ngircd/irc-server.c";
			refType = 2;
		};
		F57C888A0232884501A85B04 = {
			fileEncoding = 5;
			isa = PBXFileReference;
			name = "irc-server.h";
			path = "../src/ngircd/irc-server.h";
			refType = 2;
		};
		F57C888B0232884501A85B04 = {
			fileRef = F57C888A0232884501A85B04;
			isa = PBXBuildFile;
			settings = {
			};
		};
		F57C888C0232884501A85B04 = {
			fileRef = F57C88890232884501A85B04;
			isa = PBXBuildFile;
			settings = {
			};
		};
		F57C888D02328D7201A85B04 = {
			fileEncoding = 5;
			isa = PBXFileReference;
			name = "irc-channel.c";
			path = "../src/ngircd/irc-channel.c";
			refType = 2;
		};
		F57C888E02328D7201A85B04 = {
			fileEncoding = 5;
			isa = PBXFileReference;
			name = "irc-channel.h";
			path = "../src/ngircd/irc-channel.h";
			refType = 2;
		};
		F57C888F02328D7201A85B04 = {
			fileRef = F57C888E02328D7201A85B04;
			isa = PBXBuildFile;
			settings = {
			};
		};
		F57C889002328D7201A85B04 = {
			fileRef = F57C888D02328D7201A85B04;
			isa = PBXBuildFile;
			settings = {
			};
		};
		F5B565290325412B01A85B04 = {
			fileEncoding = 5;
			isa = PBXFileReference;
			name = Protocol.txt;
			path = ../doc/Protocol.txt;
			refType = 2;
		};
		F5BEF12802A0EFE201A85B03 = {
			fileEncoding = 5;
			isa = PBXFileReference;
			name = lists.c;
			path = ../src/ngircd/lists.c;
			refType = 2;
		};
		F5BEF12902A0EFE201A85B03 = {
			fileEncoding = 5;
			isa = PBXFileReference;
			name = lists.h;
			path = ../src/ngircd/lists.h;
			refType = 2;
		};
		F5BEF12A02A0EFE201A85B03 = {
			fileRef = F5BEF12902A0EFE201A85B03;
			isa = PBXBuildFile;
			settings = {
			};
		};
		F5BEF12B02A0EFE201A85B03 = {
			fileRef = F5BEF12802A0EFE201A85B03;
			isa = PBXBuildFile;
			settings = {
			};
		};
		F5BEF12C02A1169C01A85B03 = {
			fileEncoding = 5;
			isa = PBXFileReference;
			name = "irc-op.c";
			path = "../src/ngircd/irc-op.c";
			refType = 2;
		};
		F5BEF12D02A1169C01A85B03 = {
			fileEncoding = 5;
			isa = PBXFileReference;
			name = "irc-op.h";
			path = "../src/ngircd/irc-op.h";
			refType = 2;
		};
		F5BEF12E02A1169C01A85B03 = {
			fileRef = F5BEF12D02A1169C01A85B03;
			isa = PBXBuildFile;
			settings = {
			};
		};
		F5BEF12F02A1169C01A85B03 = {
			fileRef = F5BEF12C02A1169C01A85B03;
			isa = PBXBuildFile;
			settings = {
			};
		};
		F5BEF13002A129DC01A85B03 = {
			buildArgumentsString = $ACTION;
			buildPhases = (
			);
			buildSettings = {
				OTHER_CFLAGS = "";
				OTHER_LDFLAGS = "";
				OTHER_REZFLAGS = "";
				PRODUCT_NAME = "ngIRCd Makefile";
				SECTORDER_FLAGS = "";
				WARNING_CFLAGS = "-Wmost -Wno-four-char-constants -Wno-unknown-pragmas";
			};
			buildToolPath = /usr/bin/gnumake;
			dependencies = (
			);
			isa = PBXLegacyTarget;
			name = "ngIRCd Makefile";
			passBuildSettingsInEnvironment = 1;
			productName = "ngIRCd Makefile";
			settingsToExpand = 6;
			settingsToPassInEnvironment = 287;
			settingsToPassOnCommandLine = 280;
		};
		F5BEF13102A12AFE01A85B03 = {
			fileEncoding = 5;
			isa = PBXFileReference;
			name = resolve.c;
			path = ../src/ngircd/resolve.c;
			refType = 2;
		};
		F5BEF13202A12AFE01A85B03 = {
			fileEncoding = 5;
			isa = PBXFileReference;
			name = resolve.h;
			path = ../src/ngircd/resolve.h;
			refType = 2;
		};
		F5BEF13302A12AFE01A85B03 = {
			fileRef = F5BEF13202A12AFE01A85B03;
			isa = PBXBuildFile;
			settings = {
			};
		};
		F5BEF13502A24F1001A85B03 = {
			fileRef = F5BEF13102A12AFE01A85B03;
			isa = PBXBuildFile;
			settings = {
			};
		};
		F5D3536103892A8A01A85B04 = {
			children = (
				F5D3536203892AD201A85B04,
				F5D3536303892AD201A85B04,
			);
			isa = PBXGroup;
			name = contrib;
			path = "";
			refType = 2;
		};
		F5D3536203892AD201A85B04 = {
			fileEncoding = 5;
			isa = PBXFileReference;
			name = Makefile.am;
			path = ../contrib/Makefile.am;
			refType = 2;
		};
		F5D3536303892AD201A85B04 = {
			fileEncoding = 5;
			isa = PBXFileReference;
			name = ngircd.spec;
			path = ../contrib/ngircd.spec;
			refType = 2;
		};
		F5D5CC9303990FED0155B873 = {
			fileEncoding = 5;
			isa = PBXFileReference;
			name = "irc-info.h";
			path = "../src/ngircd/irc-info.h";
			refType = 2;
		};
		F5D5CC9403990FED0155B873 = {
			fileRef = F5D5CC9303990FED0155B873;
			isa = PBXBuildFile;
			settings = {
			};
		};
		F5D5CC9503990FFA0155B873 = {
			fileEncoding = 5;
			isa = PBXFileReference;
			name = "irc-info.c";
			path = "../src/ngircd/irc-info.c";
			refType = 2;
		};
		F5D5CC9603990FFA0155B873 = {
			fileRef = F5D5CC9503990FFA0155B873;
			isa = PBXBuildFile;
			settings = {
			};
		};
		F5E9447D02C9EE2801A85B04 = {
			fileEncoding = 5;
			isa = PBXFileReference;
			name = FAQ.txt;
			path = ../doc/FAQ.txt;
			refType = 2;
		};
		F5E9447E02C9EE2801A85B04 = {
			fileEncoding = 5;
			isa = PBXFileReference;
			name = "README-AUX.txt";
			path = "../doc/README-AUX.txt";
			refType = 2;
		};
		F5E9447F02C9EE2801A85B04 = {
			fileEncoding = 5;
			isa = PBXFileReference;
			name = "README-BeOS.txt";
			path = "../doc/README-BeOS.txt";
			refType = 2;
		};
		F5E9448302C9F49D01A85B04 = {
			fileEncoding = 5;
			isa = PBXFileReference;
			name = match.h;
			path = ../src/ngircd/match.h;
			refType = 2;
		};
		F5E9448402C9F49D01A85B04 = {
			fileEncoding = 5;
			isa = PBXFileReference;
			name = match.c;
			path = ../src/ngircd/match.c;
			refType = 2;
		};
		F5E9448502C9F49D01A85B04 = {
			fileRef = F5E9448302C9F49D01A85B04;
			isa = PBXBuildFile;
			settings = {
			};
		};
		F5E9448602C9F49D01A85B04 = {
			fileRef = F5E9448402C9F49D01A85B04;
			isa = PBXBuildFile;
			settings = {
			};
		};
		F5F18132023EC61E01A85B04 = {
			children = (
				F5F18133023EC63701A85B04,
				F5F18134023EC63701A85B04,
				F5F18135023EC63701A85B04,
				F5F18136023EC63701A85B04,
				F5F18137023EC63701A85B04,
				F51044540297AC170173DE11,
				F51044520297ABF80173DE11,
				FAC0383E03BB335400A85B04,
			);
			isa = PBXGroup;
			name = portab;
			path = ../src/portab;
			refType = 2;
		};
		F5F18133023EC63701A85B04 = {
			fileEncoding = 5;
			isa = PBXFileReference;
			name = Makefile.am;
			path = ../src/portab/Makefile.am;
			refType = 2;
		};
		F5F18134023EC63701A85B04 = {
			fileEncoding = 5;
			isa = PBXFileReference;
			name = exp.h;
			path = ../src/portab/exp.h;
			refType = 2;
		};
		F5F18135023EC63701A85B04 = {
			fileEncoding = 5;
			isa = PBXFileReference;
			name = imp.h;
			path = ../src/portab/imp.h;
			refType = 2;
		};
		F5F18136023EC63701A85B04 = {
			fileEncoding = 5;
			isa = PBXFileReference;
			name = portab.h;
			path = ../src/portab/portab.h;
			refType = 2;
		};
		F5F18137023EC63701A85B04 = {
			fileEncoding = 5;
			isa = PBXFileReference;
			name = portabtest.c;
			path = ../src/portab/portabtest.c;
			refType = 2;
		};
		F5F18138023EC63701A85B04 = {
			fileRef = F5F18134023EC63701A85B04;
			isa = PBXBuildFile;
			settings = {
			};
		};
		F5F18139023EC63701A85B04 = {
			fileRef = F5F18135023EC63701A85B04;
			isa = PBXBuildFile;
			settings = {
			};
		};
		F5F1813A023EC63701A85B04 = {
			fileRef = F5F18136023EC63701A85B04;
			isa = PBXBuildFile;
			settings = {
			};
		};
//F50
//F51
//F52
//F53
//F54
//FA0
//FA1
//FA2
//FA3
//FA4
		FA0B193305060CB800A85B04 = {
			fileEncoding = 5;
			isa = PBXFileReference;
			name = Platforms.txt;
			path = ../doc/Platforms.txt;
			refType = 2;
		};
		FA42C8AD03C0A00B00A85B04 = {
			fileEncoding = 4;
			isa = PBXFileReference;
			name = "conn-zip.c";
			path = "../src/ngircd/conn-zip.c";
			refType = 2;
		};
		FA42C8AE03C0A00B00A85B04 = {
			fileRef = FA42C8AD03C0A00B00A85B04;
			isa = PBXBuildFile;
			settings = {
			};
		};
		FA42C8AF03C0A01400A85B04 = {
			fileEncoding = 4;
			isa = PBXFileReference;
			name = "conn-zip.h";
			path = "../src/ngircd/conn-zip.h";
			refType = 2;
		};
		FA42C8B003C0A01400A85B04 = {
			fileRef = FA42C8AF03C0A01400A85B04;
			isa = PBXBuildFile;
			settings = {
			};
		};
		FA42C8B103C0B2F300A85B04 = {
			fileEncoding = 4;
			isa = PBXFileReference;
			name = "conn-func.c";
			path = "../src/ngircd/conn-func.c";
			refType = 2;
		};
		FA42C8B203C0B2F300A85B04 = {
			fileRef = FA42C8B103C0B2F300A85B04;
			isa = PBXBuildFile;
			settings = {
			};
		};
		FA42C8B303C0B30700A85B04 = {
			fileEncoding = 4;
			isa = PBXFileReference;
			name = "conn-func.h";
			path = "../src/ngircd/conn-func.h";
			refType = 2;
		};
		FA42C8B403C0B30700A85B04 = {
			fileRef = FA42C8B303C0B30700A85B04;
			isa = PBXBuildFile;
			settings = {
			};
		};
		FA550F2903D59C4D00A85B04 = {
			children = (
				FA550F2A03D59C8200A85B04,
				FA550F2B03D59C8200A85B04,
				FA550F2C03D59C8200A85B04,
			);
			isa = PBXGroup;
			name = tool;
			path = ../src;
			refType = 2;
		};
		FA550F2A03D59C8200A85B04 = {
			fileEncoding = 5;
			isa = PBXFileReference;
			name = Makefile.am;
			path = ../src/tool/Makefile.am;
			refType = 2;
		};
		FA550F2B03D59C8200A85B04 = {
			fileEncoding = 5;
			isa = PBXFileReference;
			name = tool.c;
			path = ../src/tool/tool.c;
			refType = 2;
		};
		FA550F2C03D59C8200A85B04 = {
			fileEncoding = 5;
			isa = PBXFileReference;
			name = tool.h;
			path = ../src/tool/tool.h;
			refType = 2;
		};
		FA550F2D03D59C8C00A85B04 = {
			fileRef = FA550F2B03D59C8200A85B04;
			isa = PBXBuildFile;
			settings = {
			};
		};
		FA550F2E03D59C8D00A85B04 = {
			fileRef = FA550F2C03D59C8200A85B04;
			isa = PBXBuildFile;
			settings = {
			};
		};
		FA550F2F03D59C9000A85B04 = {
			fileRef = FA550F2B03D59C8200A85B04;
			isa = PBXBuildFile;
			settings = {
			};
		};
		FA550F3003D59C9100A85B04 = {
			fileRef = FA550F2C03D59C8200A85B04;
			isa = PBXBuildFile;
			settings = {
			};
		};
		FAC0383C03BB318400A85B04 = {
			fileRef = F51044520297ABF80173DE11;
			isa = PBXBuildFile;
			settings = {
			};
		};
		FAC0383D03BB318600A85B04 = {
			fileRef = F51044540297AC170173DE11;
			isa = PBXBuildFile;
			settings = {
			};
		};
		FAC0383E03BB335400A85B04 = {
			fileEncoding = 4;
			isa = PBXFileReference;
			name = strlcpy.c;
			path = ../src/portab/strlcpy.c;
			refType = 2;
		};
		FAC0383F03BB335400A85B04 = {
			fileRef = FAC0383E03BB335400A85B04;
			isa = PBXBuildFile;
			settings = {
			};
		};
		FAC0384003BB335400A85B04 = {
			fileRef = FAC0383E03BB335400A85B04;
			isa = PBXBuildFile;
			settings = {
			};
		};
		FAC51A0C042905AF00214FB8 = {
			fileEncoding = 5;
			isa = PBXFileReference;
			name = rendezvous.c;
			path = ../src/ngircd/rendezvous.c;
			refType = 2;
		};
		FAC51A0D042905AF00214FB8 = {
			fileEncoding = 5;
			isa = PBXFileReference;
			name = rendezvous.h;
			path = ../src/ngircd/rendezvous.h;
			refType = 2;
		};
		FAC51A0E042905AF00214FB8 = {
			fileRef = FAC51A0C042905AF00214FB8;
			isa = PBXBuildFile;
			settings = {
			};
		};
		FAC51A0F042905AF00214FB8 = {
			fileRef = FAC51A0D042905AF00214FB8;
			isa = PBXBuildFile;
			settings = {
			};
		};
	};
	rootObject = 08FB7793FE84155DC02AAC07;
}
