// !$*UTF8*$!
{
	archiveVersion = 1;
	classes = {
	};
	objectVersion = 46;
	objects = {

/* Begin PBXBuildFile section */
		FA2D564A11EA158B00D37A35 /* pam.c in Sources */ = {isa = PBXBuildFile; fileRef = FA2D564911EA158B00D37A35 /* pam.c */; };
		FA2D567B11EA1AB300D37A35 /* libpam.dylib in Frameworks */ = {isa = PBXBuildFile; fileRef = FA2D567A11EA1AB300D37A35 /* libpam.dylib */; };
		FA322D350CEF74B1001761B3 /* array.c in Sources */ = {isa = PBXBuildFile; fileRef = FA322CD90CEF74B1001761B3 /* array.c */; };
		FA322D360CEF74B1001761B3 /* channel.c in Sources */ = {isa = PBXBuildFile; fileRef = FA322CDB0CEF74B1001761B3 /* channel.c */; };
		FA322D370CEF74B1001761B3 /* client.c in Sources */ = {isa = PBXBuildFile; fileRef = FA322CDD0CEF74B1001761B3 /* client.c */; };
		FA322D380CEF74B1001761B3 /* conf.c in Sources */ = {isa = PBXBuildFile; fileRef = FA322CDF0CEF74B1001761B3 /* conf.c */; };
		FA322D390CEF74B1001761B3 /* conn-func.c in Sources */ = {isa = PBXBuildFile; fileRef = FA322CE10CEF74B1001761B3 /* conn-func.c */; };
		FA322D3A0CEF74B1001761B3 /* conn-zip.c in Sources */ = {isa = PBXBuildFile; fileRef = FA322CE30CEF74B1001761B3 /* conn-zip.c */; };
		FA322D3B0CEF74B1001761B3 /* conn.c in Sources */ = {isa = PBXBuildFile; fileRef = FA322CE50CEF74B1001761B3 /* conn.c */; };
		FA322D3C0CEF74B1001761B3 /* hash.c in Sources */ = {isa = PBXBuildFile; fileRef = FA322CE80CEF74B1001761B3 /* hash.c */; };
		FA322D3D0CEF74B1001761B3 /* io.c in Sources */ = {isa = PBXBuildFile; fileRef = FA322CEA0CEF74B1001761B3 /* io.c */; };
		FA322D3E0CEF74B1001761B3 /* irc-channel.c in Sources */ = {isa = PBXBuildFile; fileRef = FA322CEC0CEF74B1001761B3 /* irc-channel.c */; };
		FA322D3F0CEF74B1001761B3 /* irc-info.c in Sources */ = {isa = PBXBuildFile; fileRef = FA322CEE0CEF74B1001761B3 /* irc-info.c */; };
		FA322D400CEF74B1001761B3 /* irc-login.c in Sources */ = {isa = PBXBuildFile; fileRef = FA322CF00CEF74B1001761B3 /* irc-login.c */; };
		FA322D410CEF74B1001761B3 /* irc-mode.c in Sources */ = {isa = PBXBuildFile; fileRef = FA322CF20CEF74B1001761B3 /* irc-mode.c */; };
		FA322D420CEF74B1001761B3 /* irc-op.c in Sources */ = {isa = PBXBuildFile; fileRef = FA322CF40CEF74B1001761B3 /* irc-op.c */; };
		FA322D430CEF74B1001761B3 /* irc-oper.c in Sources */ = {isa = PBXBuildFile; fileRef = FA322CF60CEF74B1001761B3 /* irc-oper.c */; };
		FA322D440CEF74B1001761B3 /* irc-server.c in Sources */ = {isa = PBXBuildFile; fileRef = FA322CF80CEF74B1001761B3 /* irc-server.c */; };
		FA322D450CEF74B1001761B3 /* irc-write.c in Sources */ = {isa = PBXBuildFile; fileRef = FA322CFA0CEF74B1001761B3 /* irc-write.c */; };
		FA322D460CEF74B1001761B3 /* irc.c in Sources */ = {isa = PBXBuildFile; fileRef = FA322CFC0CEF74B1001761B3 /* irc.c */; };
		FA322D470CEF74B1001761B3 /* lists.c in Sources */ = {isa = PBXBuildFile; fileRef = FA322CFE0CEF74B1001761B3 /* lists.c */; };
		FA322D480CEF74B1001761B3 /* log.c in Sources */ = {isa = PBXBuildFile; fileRef = FA322D000CEF74B1001761B3 /* log.c */; };
		FA322D490CEF74B1001761B3 /* match.c in Sources */ = {isa = PBXBuildFile; fileRef = FA322D030CEF74B1001761B3 /* match.c */; };
		FA322D4A0CEF74B1001761B3 /* ngircd.c in Sources */ = {isa = PBXBuildFile; fileRef = FA322D060CEF74B1001761B3 /* ngircd.c */; };
		FA322D4B0CEF74B1001761B3 /* parse.c in Sources */ = {isa = PBXBuildFile; fileRef = FA322D080CEF74B1001761B3 /* parse.c */; };
		FA322D4D0CEF74B1001761B3 /* resolve.c in Sources */ = {isa = PBXBuildFile; fileRef = FA322D0C0CEF74B1001761B3 /* resolve.c */; };
		FA322DBE0CEF7766001761B3 /* tool.c in Sources */ = {isa = PBXBuildFile; fileRef = FA322D330CEF74B1001761B3 /* tool.c */; };
		FA322DC10CEF77CB001761B3 /* libz.dylib in Frameworks */ = {isa = PBXBuildFile; fileRef = FA322DC00CEF77CB001761B3 /* libz.dylib */; };
		FA407F2E0DB159F400271AF1 /* ng_ipaddr.c in Sources */ = {isa = PBXBuildFile; fileRef = FA407F2C0DB159F400271AF1 /* ng_ipaddr.c */; };
		FA4F165A164836B100DBD011 /* irc-metadata.c in Sources */ = {isa = PBXBuildFile; fileRef = FA4F1659164836B100DBD011 /* irc-metadata.c */; };
		FA6BBC631605F0AC0004247A /* conn-encoding.c in Sources */ = {isa = PBXBuildFile; fileRef = FA6BBC5F1605F0AB0004247A /* conn-encoding.c */; };
		FA6BBC641605F0AC0004247A /* irc-encoding.c in Sources */ = {isa = PBXBuildFile; fileRef = FA6BBC611605F0AC0004247A /* irc-encoding.c */; };
		FA6BBC661605F6D60004247A /* libiconv.dylib in Frameworks */ = {isa = PBXBuildFile; fileRef = FA6BBC651605F6D60004247A /* libiconv.dylib */; };
		FA85178C0FA061EC006A1F5A /* op.c in Sources */ = {isa = PBXBuildFile; fileRef = FA85178B0FA061EC006A1F5A /* op.c */; };
		FA99428C10E82A27007F27ED /* proc.c in Sources */ = {isa = PBXBuildFile; fileRef = FA99428B10E82A27007F27ED /* proc.c */; };
		FAA3D27B0F139CDC00B2447E /* conn-ssl.c in Sources */ = {isa = PBXBuildFile; fileRef = FAA3D2790F139CDC00B2447E /* conn-ssl.c */; };
		FAA97C57124A271400D5BBA9 /* sighandlers.c in Sources */ = {isa = PBXBuildFile; fileRef = FAA97C55124A271400D5BBA9 /* sighandlers.c */; };
		FAACD5F514A6099C006ED74F /* class.c in Sources */ = {isa = PBXBuildFile; fileRef = FAACD5F314A6099C006ED74F /* class.c */; };
		FAD5853215271AAB00328741 /* client-cap.c in Sources */ = {isa = PBXBuildFile; fileRef = FAD5853015271AAB00328741 /* client-cap.c */; };
		FAD5853515271AB800328741 /* irc-cap.c in Sources */ = {isa = PBXBuildFile; fileRef = FAD5853315271AB800328741 /* irc-cap.c */; };
		FAD5853815272C2600328741 /* login.c in Sources */ = {isa = PBXBuildFile; fileRef = FAD5853615272C2500328741 /* login.c */; };
		FAE5CC2E0CF2308A007D69B6 /* numeric.c in Sources */ = {isa = PBXBuildFile; fileRef = FAE5CC2D0CF2308A007D69B6 /* numeric.c */; };
/* End PBXBuildFile section */

/* Begin PBXFileReference section */
		FA18A63E16CEDDCE00132F66 /* configure.ng */ = {isa = PBXFileReference; lastKnownFileType = text; name = configure.ng; path = ../../configure.ng; sourceTree = "<group>"; };
		FA18A63F16CEDE2300132F66 /* ngircd.service */ = {isa = PBXFileReference; lastKnownFileType = text; path = ngircd.service; sourceTree = "<group>"; };
		FA18A64016CEDE2300132F66 /* ngircd.socket */ = {isa = PBXFileReference; lastKnownFileType = text; path = ngircd.socket; sourceTree = "<group>"; };
		FA18A64116CEDE3500132F66 /* ngircd.pam */ = {isa = PBXFileReference; lastKnownFileType = text; path = ngircd.pam; sourceTree = "<group>"; };
		FA18A64216CEDE5700132F66 /* de.barton.ngircd.plist.tmpl */ = {isa = PBXFileReference; lastKnownFileType = text.xml; path = de.barton.ngircd.plist.tmpl; sourceTree = "<group>"; };
		FA18A64316CEDE8100132F66 /* Makefile.am */ = {isa = PBXFileReference; lastKnownFileType = text; path = Makefile.am; sourceTree = "<group>"; };
		FA18A64416CEDFCE00132F66 /* Commands.txt */ = {isa = PBXFileReference; lastKnownFileType = text; path = Commands.txt; sourceTree = "<group>"; };
		FA18A64516CEE0C700132F66 /* Makefile.ng */ = {isa = PBXFileReference; lastKnownFileType = text; name = Makefile.ng; path = ipaddr/Makefile.ng; sourceTree = "<group>"; };
		FA18A64616CEE0DD00132F66 /* Makefile.ng */ = {isa = PBXFileReference; lastKnownFileType = text; path = Makefile.ng; sourceTree = "<group>"; };
		FA18A64716CEE14900132F66 /* Makefile.ng */ = {isa = PBXFileReference; lastKnownFileType = text; path = Makefile.ng; sourceTree = "<group>"; };
		FA18A64A16CEE18100132F66 /* Makefile.ng */ = {isa = PBXFileReference; lastKnownFileType = text; path = Makefile.ng; sourceTree = "<group>"; };
		FA18A64C16CEE1AC00132F66 /* mode-test.e */ = {isa = PBXFileReference; lastKnownFileType = text; path = "mode-test.e"; sourceTree = "<group>"; };
		FA18A64D16CEE1D900132F66 /* whois-test.e */ = {isa = PBXFileReference; lastKnownFileType = text; path = "whois-test.e"; sourceTree = "<group>"; };
		FA18A64E16CEE24B00132F66 /* misc-test.e */ = {isa = PBXFileReference; lastKnownFileType = text; path = "misc-test.e"; sourceTree = "<group>"; };
		FA18A64F16CEE27700132F66 /* Makefile.ng */ = {isa = PBXFileReference; lastKnownFileType = text; path = Makefile.ng; sourceTree = "<group>"; };
		FA1A6BBD0D6857D900AA8F71 /* who-test.e */ = {isa = PBXFileReference; fileEncoding = 5; lastKnownFileType = text; path = "who-test.e"; sourceTree = "<group>"; };
		FA1DBB6716C707D200D4F838 /* irc-macros.h */ = {isa = PBXFileReference; fileEncoding = 4; lastKnownFileType = sourcecode.c.h; path = "irc-macros.h"; sourceTree = "<group>"; };
		FA2D564811EA158B00D37A35 /* pam.h */ = {isa = PBXFileReference; fileEncoding = 4; lastKnownFileType = sourcecode.c.h; path = pam.h; sourceTree = "<group>"; };
		FA2D564911EA158B00D37A35 /* pam.c */ = {isa = PBXFileReference; fileEncoding = 4; lastKnownFileType = sourcecode.c.c; path = pam.c; sourceTree = "<group>"; };
		FA2D567A11EA1AB300D37A35 /* libpam.dylib */ = {isa = PBXFileReference; lastKnownFileType = "compiled.mach-o.dylib"; name = libpam.dylib; path = usr/lib/libpam.dylib; sourceTree = SDKROOT; };
		FA322BBA0CEF72E4001761B3 /* ngircd */ = {isa = PBXFileReference; explicitFileType = "compiled.mach-o.executable"; includeInIndex = 0; path = ngircd; sourceTree = BUILT_PRODUCTS_DIR; };
		FA322CD60CEF74B1001761B3 /* Makefile.am */ = {isa = PBXFileReference; fileEncoding = 5; lastKnownFileType = text; path = Makefile.am; sourceTree = "<group>"; };
		FA322CD90CEF74B1001761B3 /* array.c */ = {isa = PBXFileReference; fileEncoding = 5; lastKnownFileType = sourcecode.c.c; path = array.c; sourceTree = "<group>"; };
		FA322CDA0CEF74B1001761B3 /* array.h */ = {isa = PBXFileReference; fileEncoding = 5; lastKnownFileType = sourcecode.c.h; path = array.h; sourceTree = "<group>"; };
		FA322CDB0CEF74B1001761B3 /* channel.c */ = {isa = PBXFileReference; fileEncoding = 5; lastKnownFileType = sourcecode.c.c; path = channel.c; sourceTree = "<group>"; };
		FA322CDC0CEF74B1001761B3 /* channel.h */ = {isa = PBXFileReference; fileEncoding = 5; lastKnownFileType = sourcecode.c.h; path = channel.h; sourceTree = "<group>"; };
		FA322CDD0CEF74B1001761B3 /* client.c */ = {isa = PBXFileReference; fileEncoding = 5; lastKnownFileType = sourcecode.c.c; path = client.c; sourceTree = "<group>"; };
		FA322CDE0CEF74B1001761B3 /* client.h */ = {isa = PBXFileReference; fileEncoding = 5; lastKnownFileType = sourcecode.c.h; path = client.h; sourceTree = "<group>"; };
		FA322CDF0CEF74B1001761B3 /* conf.c */ = {isa = PBXFileReference; fileEncoding = 5; lastKnownFileType = sourcecode.c.c; path = conf.c; sourceTree = "<group>"; };
		FA322CE00CEF74B1001761B3 /* conf.h */ = {isa = PBXFileReference; fileEncoding = 5; lastKnownFileType = sourcecode.c.h; path = conf.h; sourceTree = "<group>"; };
		FA322CE10CEF74B1001761B3 /* conn-func.c */ = {isa = PBXFileReference; fileEncoding = 5; lastKnownFileType = sourcecode.c.c; path = "conn-func.c"; sourceTree = "<group>"; };
		FA322CE20CEF74B1001761B3 /* conn-func.h */ = {isa = PBXFileReference; fileEncoding = 5; lastKnownFileType = sourcecode.c.h; path = "conn-func.h"; sourceTree = "<group>"; };
		FA322CE30CEF74B1001761B3 /* conn-zip.c */ = {isa = PBXFileReference; fileEncoding = 5; lastKnownFileType = sourcecode.c.c; path = "conn-zip.c"; sourceTree = "<group>"; };
		FA322CE40CEF74B1001761B3 /* conn-zip.h */ = {isa = PBXFileReference; fileEncoding = 5; lastKnownFileType = sourcecode.c.h; path = "conn-zip.h"; sourceTree = "<group>"; };
		FA322CE50CEF74B1001761B3 /* conn.c */ = {isa = PBXFileReference; fileEncoding = 5; lastKnownFileType = sourcecode.c.c; path = conn.c; sourceTree = "<group>"; };
		FA322CE60CEF74B1001761B3 /* conn.h */ = {isa = PBXFileReference; fileEncoding = 5; lastKnownFileType = sourcecode.c.h; path = conn.h; sourceTree = "<group>"; };
		FA322CE70CEF74B1001761B3 /* defines.h */ = {isa = PBXFileReference; fileEncoding = 5; lastKnownFileType = sourcecode.c.h; path = defines.h; sourceTree = "<group>"; };
		FA322CE80CEF74B1001761B3 /* hash.c */ = {isa = PBXFileReference; fileEncoding = 5; lastKnownFileType = sourcecode.c.c; path = hash.c; sourceTree = "<group>"; };
		FA322CE90CEF74B1001761B3 /* hash.h */ = {isa = PBXFileReference; fileEncoding = 5; lastKnownFileType = sourcecode.c.h; path = hash.h; sourceTree = "<group>"; };
		FA322CEA0CEF74B1001761B3 /* io.c */ = {isa = PBXFileReference; fileEncoding = 5; lastKnownFileType = sourcecode.c.c; path = io.c; sourceTree = "<group>"; };
		FA322CEB0CEF74B1001761B3 /* io.h */ = {isa = PBXFileReference; fileEncoding = 5; lastKnownFileType = sourcecode.c.h; path = io.h; sourceTree = "<group>"; };
		FA322CEC0CEF74B1001761B3 /* irc-channel.c */ = {isa = PBXFileReference; fileEncoding = 5; lastKnownFileType = sourcecode.c.c; path = "irc-channel.c"; sourceTree = "<group>"; };
		FA322CED0CEF74B1001761B3 /* irc-channel.h */ = {isa = PBXFileReference; fileEncoding = 5; lastKnownFileType = sourcecode.c.h; path = "irc-channel.h"; sourceTree = "<group>"; };
		FA322CEE0CEF74B1001761B3 /* irc-info.c */ = {isa = PBXFileReference; fileEncoding = 5; lastKnownFileType = sourcecode.c.c; path = "irc-info.c"; sourceTree = "<group>"; };
		FA322CEF0CEF74B1001761B3 /* irc-info.h */ = {isa = PBXFileReference; fileEncoding = 5; lastKnownFileType = sourcecode.c.h; path = "irc-info.h"; sourceTree = "<group>"; };
		FA322CF00CEF74B1001761B3 /* irc-login.c */ = {isa = PBXFileReference; fileEncoding = 5; lastKnownFileType = sourcecode.c.c; path = "irc-login.c"; sourceTree = "<group>"; };
		FA322CF10CEF74B1001761B3 /* irc-login.h */ = {isa = PBXFileReference; fileEncoding = 5; lastKnownFileType = sourcecode.c.h; path = "irc-login.h"; sourceTree = "<group>"; };
		FA322CF20CEF74B1001761B3 /* irc-mode.c */ = {isa = PBXFileReference; fileEncoding = 5; lastKnownFileType = sourcecode.c.c; path = "irc-mode.c"; sourceTree = "<group>"; };
		FA322CF30CEF74B1001761B3 /* irc-mode.h */ = {isa = PBXFileReference; fileEncoding = 5; lastKnownFileType = sourcecode.c.h; path = "irc-mode.h"; sourceTree = "<group>"; };
		FA322CF40CEF74B1001761B3 /* irc-op.c */ = {isa = PBXFileReference; fileEncoding = 5; lastKnownFileType = sourcecode.c.c; path = "irc-op.c"; sourceTree = "<group>"; };
		FA322CF50CEF74B1001761B3 /* irc-op.h */ = {isa = PBXFileReference; fileEncoding = 5; lastKnownFileType = sourcecode.c.h; path = "irc-op.h"; sourceTree = "<group>"; };
		FA322CF60CEF74B1001761B3 /* irc-oper.c */ = {isa = PBXFileReference; fileEncoding = 5; lastKnownFileType = sourcecode.c.c; path = "irc-oper.c"; sourceTree = "<group>"; };
		FA322CF70CEF74B1001761B3 /* irc-oper.h */ = {isa = PBXFileReference; fileEncoding = 5; lastKnownFileType = sourcecode.c.h; path = "irc-oper.h"; sourceTree = "<group>"; };
		FA322CF80CEF74B1001761B3 /* irc-server.c */ = {isa = PBXFileReference; fileEncoding = 5; lastKnownFileType = sourcecode.c.c; path = "irc-server.c"; sourceTree = "<group>"; };
		FA322CF90CEF74B1001761B3 /* irc-server.h */ = {isa = PBXFileReference; fileEncoding = 5; lastKnownFileType = sourcecode.c.h; path = "irc-server.h"; sourceTree = "<group>"; };
		FA322CFA0CEF74B1001761B3 /* irc-write.c */ = {isa = PBXFileReference; fileEncoding = 5; lastKnownFileType = sourcecode.c.c; path = "irc-write.c"; sourceTree = "<group>"; };
		FA322CFB0CEF74B1001761B3 /* irc-write.h */ = {isa = PBXFileReference; fileEncoding = 5; lastKnownFileType = sourcecode.c.h; path = "irc-write.h"; sourceTree = "<group>"; };
		FA322CFC0CEF74B1001761B3 /* irc.c */ = {isa = PBXFileReference; fileEncoding = 5; lastKnownFileType = sourcecode.c.c; path = irc.c; sourceTree = "<group>"; };
		FA322CFD0CEF74B1001761B3 /* irc.h */ = {isa = PBXFileReference; fileEncoding = 5; lastKnownFileType = sourcecode.c.h; path = irc.h; sourceTree = "<group>"; };
		FA322CFE0CEF74B1001761B3 /* lists.c */ = {isa = PBXFileReference; fileEncoding = 5; lastKnownFileType = sourcecode.c.c; path = lists.c; sourceTree = "<group>"; };
		FA322CFF0CEF74B1001761B3 /* lists.h */ = {isa = PBXFileReference; fileEncoding = 5; lastKnownFileType = sourcecode.c.h; path = lists.h; sourceTree = "<group>"; };
		FA322D000CEF74B1001761B3 /* log.c */ = {isa = PBXFileReference; fileEncoding = 5; lastKnownFileType = sourcecode.c.c; path = log.c; sourceTree = "<group>"; };
		FA322D010CEF74B1001761B3 /* log.h */ = {isa = PBXFileReference; fileEncoding = 5; lastKnownFileType = sourcecode.c.h; path = log.h; sourceTree = "<group>"; };
		FA322D030CEF74B1001761B3 /* match.c */ = {isa = PBXFileReference; fileEncoding = 5; lastKnownFileType = sourcecode.c.c; path = match.c; sourceTree = "<group>"; };
		FA322D040CEF74B1001761B3 /* match.h */ = {isa = PBXFileReference; fileEncoding = 5; lastKnownFileType = sourcecode.c.h; path = match.h; sourceTree = "<group>"; };
		FA322D050CEF74B1001761B3 /* messages.h */ = {isa = PBXFileReference; fileEncoding = 5; lastKnownFileType = sourcecode.c.h; path = messages.h; sourceTree = "<group>"; };
		FA322D060CEF74B1001761B3 /* ngircd.c */ = {isa = PBXFileReference; fileEncoding = 5; lastKnownFileType = sourcecode.c.c; path = ngircd.c; sourceTree = "<group>"; };
		FA322D070CEF74B1001761B3 /* ngircd.h */ = {isa = PBXFileReference; fileEncoding = 5; lastKnownFileType = sourcecode.c.h; path = ngircd.h; sourceTree = "<group>"; };
		FA322D080CEF74B1001761B3 /* parse.c */ = {isa = PBXFileReference; fileEncoding = 5; lastKnownFileType = sourcecode.c.c; path = parse.c; sourceTree = "<group>"; };
		FA322D090CEF74B1001761B3 /* parse.h */ = {isa = PBXFileReference; fileEncoding = 5; lastKnownFileType = sourcecode.c.h; path = parse.h; sourceTree = "<group>"; };
		FA322D0C0CEF74B1001761B3 /* resolve.c */ = {isa = PBXFileReference; fileEncoding = 5; lastKnownFileType = sourcecode.c.c; path = resolve.c; sourceTree = "<group>"; };
		FA322D0D0CEF74B1001761B3 /* resolve.h */ = {isa = PBXFileReference; fileEncoding = 5; lastKnownFileType = sourcecode.c.h; path = resolve.h; sourceTree = "<group>"; };
		FA322D100CEF74B1001761B3 /* ansi2knr.1 */ = {isa = PBXFileReference; fileEncoding = 5; lastKnownFileType = text.man; path = ansi2knr.1; sourceTree = "<group>"; };
		FA322D110CEF74B1001761B3 /* ansi2knr.c */ = {isa = PBXFileReference; fileEncoding = 5; lastKnownFileType = sourcecode.c.c; path = ansi2knr.c; sourceTree = "<group>"; };
		FA322D150CEF74B1001761B3 /* portab.h */ = {isa = PBXFileReference; fileEncoding = 5; lastKnownFileType = sourcecode.c.h; path = portab.h; sourceTree = "<group>"; };
		FA322D160CEF74B1001761B3 /* portabtest.c */ = {isa = PBXFileReference; fileEncoding = 5; lastKnownFileType = sourcecode.c.c; path = portabtest.c; sourceTree = "<group>"; };
		FA322D170CEF74B1001761B3 /* splint.h */ = {isa = PBXFileReference; fileEncoding = 5; lastKnownFileType = sourcecode.c.h; path = splint.h; sourceTree = "<group>"; };
		FA322D180CEF74B1001761B3 /* strdup.c */ = {isa = PBXFileReference; fileEncoding = 5; lastKnownFileType = sourcecode.c.c; path = strdup.c; sourceTree = "<group>"; };
		FA322D190CEF74B1001761B3 /* strlcpy.c */ = {isa = PBXFileReference; fileEncoding = 5; lastKnownFileType = sourcecode.c.c; path = strlcpy.c; sourceTree = "<group>"; };
		FA322D1A0CEF74B1001761B3 /* vsnprintf.c */ = {isa = PBXFileReference; fileEncoding = 5; lastKnownFileType = sourcecode.c.c; path = vsnprintf.c; sourceTree = "<group>"; };
		FA322D1D0CEF74B1001761B3 /* channel-test.e */ = {isa = PBXFileReference; fileEncoding = 5; lastKnownFileType = text; path = "channel-test.e"; sourceTree = "<group>"; };
		FA322D1E0CEF74B1001761B3 /* check-idle.e */ = {isa = PBXFileReference; fileEncoding = 5; lastKnownFileType = text; path = "check-idle.e"; sourceTree = "<group>"; };
		FA322D1F0CEF74B1001761B3 /* connect-test.e */ = {isa = PBXFileReference; fileEncoding = 5; lastKnownFileType = text; path = "connect-test.e"; sourceTree = "<group>"; };
		FA322D200CEF74B1001761B3 /* functions.inc */ = {isa = PBXFileReference; fileEncoding = 5; lastKnownFileType = sourcecode.pascal; path = functions.inc; sourceTree = "<group>"; };
		FA322D210CEF74B1001761B3 /* getpid.sh */ = {isa = PBXFileReference; fileEncoding = 5; lastKnownFileType = text.script.sh; path = getpid.sh; sourceTree = "<group>"; };
		FA322D250CEF74B1001761B3 /* README */ = {isa = PBXFileReference; fileEncoding = 5; lastKnownFileType = text; path = README; sourceTree = "<group>"; };
		FA322D260CEF74B1001761B3 /* start-server.sh */ = {isa = PBXFileReference; fileEncoding = 5; lastKnownFileType = text.script.sh; path = "start-server.sh"; sourceTree = "<group>"; };
		FA322D270CEF74B1001761B3 /* stop-server.sh */ = {isa = PBXFileReference; fileEncoding = 5; lastKnownFileType = text.script.sh; path = "stop-server.sh"; sourceTree = "<group>"; };
		FA322D280CEF74B1001761B3 /* stress-A.e */ = {isa = PBXFileReference; fileEncoding = 5; lastKnownFileType = text; path = "stress-A.e"; sourceTree = "<group>"; };
		FA322D290CEF74B1001761B3 /* stress-B.e */ = {isa = PBXFileReference; fileEncoding = 5; lastKnownFileType = text; path = "stress-B.e"; sourceTree = "<group>"; };
		FA322D2A0CEF74B1001761B3 /* stress-server.sh */ = {isa = PBXFileReference; fileEncoding = 5; lastKnownFileType = text.script.sh; path = "stress-server.sh"; sourceTree = "<group>"; };
		FA322D2B0CEF74B1001761B3 /* test-loop.sh */ = {isa = PBXFileReference; fileEncoding = 5; lastKnownFileType = text.script.sh; path = "test-loop.sh"; sourceTree = "<group>"; };
		FA322D2C0CEF74B1001761B3 /* tests.sh */ = {isa = PBXFileReference; fileEncoding = 5; lastKnownFileType = text.script.sh; path = tests.sh; sourceTree = "<group>"; };
		FA322D2D0CEF74B1001761B3 /* wait-tests.sh */ = {isa = PBXFileReference; fileEncoding = 5; lastKnownFileType = text.script.sh; path = "wait-tests.sh"; sourceTree = "<group>"; };
		FA322D330CEF74B1001761B3 /* tool.c */ = {isa = PBXFileReference; fileEncoding = 5; lastKnownFileType = sourcecode.c.c; path = tool.c; sourceTree = "<group>"; };
		FA322D340CEF74B1001761B3 /* tool.h */ = {isa = PBXFileReference; fileEncoding = 5; lastKnownFileType = sourcecode.c.h; path = tool.h; sourceTree = "<group>"; };
		FA322D5A0CEF750F001761B3 /* AUTHORS */ = {isa = PBXFileReference; fileEncoding = 5; lastKnownFileType = text; name = AUTHORS; path = ../../AUTHORS; sourceTree = SOURCE_ROOT; };
		FA322D5B0CEF750F001761B3 /* autogen.sh */ = {isa = PBXFileReference; fileEncoding = 5; lastKnownFileType = text.script.sh; name = autogen.sh; path = ../../autogen.sh; sourceTree = SOURCE_ROOT; };
		FA322D5C0CEF750F001761B3 /* ChangeLog */ = {isa = PBXFileReference; fileEncoding = 5; lastKnownFileType = text; name = ChangeLog; path = ../../ChangeLog; sourceTree = SOURCE_ROOT; };
		FA322D5E0CEF750F001761B3 /* config.guess */ = {isa = PBXFileReference; fileEncoding = 5; lastKnownFileType = text.script.sh; name = config.guess; path = ../../config.guess; sourceTree = SOURCE_ROOT; };
		FA322D5F0CEF750F001761B3 /* config.sub */ = {isa = PBXFileReference; fileEncoding = 5; lastKnownFileType = text.script.sh; name = config.sub; path = ../../config.sub; sourceTree = SOURCE_ROOT; };
		FA322D610CEF750F001761B3 /* COPYING */ = {isa = PBXFileReference; fileEncoding = 5; lastKnownFileType = text; name = COPYING; path = ../../COPYING; sourceTree = SOURCE_ROOT; };
		FA322D620CEF750F001761B3 /* INSTALL */ = {isa = PBXFileReference; fileEncoding = 5; lastKnownFileType = text; name = INSTALL; path = ../../INSTALL; sourceTree = SOURCE_ROOT; };
		FA322D630CEF750F001761B3 /* Makefile.am */ = {isa = PBXFileReference; fileEncoding = 5; lastKnownFileType = text; name = Makefile.am; path = ../../Makefile.am; sourceTree = SOURCE_ROOT; };
		FA322D640CEF750F001761B3 /* NEWS */ = {isa = PBXFileReference; fileEncoding = 5; lastKnownFileType = text; name = NEWS; path = ../../NEWS; sourceTree = SOURCE_ROOT; };
		FA322D650CEF750F001761B3 /* README */ = {isa = PBXFileReference; fileEncoding = 5; lastKnownFileType = text; name = README; path = ../../README; sourceTree = SOURCE_ROOT; };
		FA322D6A0CEF7523001761B3 /* changelog */ = {isa = PBXFileReference; fileEncoding = 5; lastKnownFileType = text; path = changelog; sourceTree = "<group>"; };
		FA322D6B0CEF7523001761B3 /* compat */ = {isa = PBXFileReference; fileEncoding = 5; lastKnownFileType = text; path = compat; sourceTree = "<group>"; };
		FA322D6C0CEF7523001761B3 /* control */ = {isa = PBXFileReference; fileEncoding = 5; lastKnownFileType = text; path = control; sourceTree = "<group>"; };
		FA322D6D0CEF7523001761B3 /* copyright */ = {isa = PBXFileReference; fileEncoding = 5; lastKnownFileType = text; path = copyright; sourceTree = "<group>"; };
		FA322D6E0CEF7523001761B3 /* Makefile.am */ = {isa = PBXFileReference; fileEncoding = 5; lastKnownFileType = text; path = Makefile.am; sourceTree = "<group>"; };
		FA322D6F0CEF7523001761B3 /* ngircd.default */ = {isa = PBXFileReference; fileEncoding = 5; lastKnownFileType = text; path = ngircd.default; sourceTree = "<group>"; };
		FA322D700CEF7523001761B3 /* ngircd.init */ = {isa = PBXFileReference; fileEncoding = 5; lastKnownFileType = text.script.sh; path = ngircd.init; sourceTree = "<group>"; };
		FA322D710CEF7523001761B3 /* ngircd.postinst */ = {isa = PBXFileReference; fileEncoding = 5; lastKnownFileType = text.script.sh; path = ngircd.postinst; sourceTree = "<group>"; };
		FA322D720CEF7523001761B3 /* rules */ = {isa = PBXFileReference; fileEncoding = 5; lastKnownFileType = text; path = rules; sourceTree = "<group>"; };
		FA322D8D0CEF7523001761B3 /* Makefile.am */ = {isa = PBXFileReference; fileEncoding = 5; lastKnownFileType = text; name = Makefile.am; path = MacOSX/Makefile.am; sourceTree = "<group>"; };
		FA322D8E0CEF7523001761B3 /* ngIRCd.xcodeproj */ = {isa = PBXFileReference; lastKnownFileType = "wrapper.pb-project"; path = ngIRCd.xcodeproj; sourceTree = "<group>"; };
		FA322D920CEF7523001761B3 /* ngindent */ = {isa = PBXFileReference; fileEncoding = 5; lastKnownFileType = text; path = ngindent; sourceTree = "<group>"; };
		FA322D940CEF7523001761B3 /* ngircd.spec */ = {isa = PBXFileReference; fileEncoding = 5; lastKnownFileType = text; path = ngircd.spec; sourceTree = "<group>"; };
		FA322D950CEF7523001761B3 /* README */ = {isa = PBXFileReference; fileEncoding = 5; lastKnownFileType = text; path = README; sourceTree = "<group>"; };
		FA322D960CEF7523001761B3 /* systrace.policy */ = {isa = PBXFileReference; fileEncoding = 5; lastKnownFileType = text; path = systrace.policy; sourceTree = "<group>"; };
		FA322D9A0CEF752C001761B3 /* FAQ.txt */ = {isa = PBXFileReference; fileEncoding = 5; lastKnownFileType = text; path = FAQ.txt; sourceTree = "<group>"; };
		FA322D9B0CEF752C001761B3 /* Makefile.am */ = {isa = PBXFileReference; fileEncoding = 5; lastKnownFileType = text; path = Makefile.am; sourceTree = "<group>"; };
		FA322D9C0CEF752C001761B3 /* Platforms.txt */ = {isa = PBXFileReference; fileEncoding = 5; lastKnownFileType = text; path = Platforms.txt; sourceTree = "<group>"; };
		FA322D9D0CEF752C001761B3 /* Protocol.txt */ = {isa = PBXFileReference; fileEncoding = 5; lastKnownFileType = text; path = Protocol.txt; sourceTree = "<group>"; };
		FA322D9E0CEF752C001761B3 /* README-AUX.txt */ = {isa = PBXFileReference; fileEncoding = 5; lastKnownFileType = text; path = "README-AUX.txt"; sourceTree = "<group>"; };
		FA322D9F0CEF752C001761B3 /* README-BeOS.txt */ = {isa = PBXFileReference; fileEncoding = 5; lastKnownFileType = text; path = "README-BeOS.txt"; sourceTree = "<group>"; };
		FA322DA00CEF752C001761B3 /* RFC.txt */ = {isa = PBXFileReference; fileEncoding = 5; lastKnownFileType = text; path = RFC.txt; sourceTree = "<group>"; };
		FA322DA40CEF752C001761B3 /* Doxyfile */ = {isa = PBXFileReference; fileEncoding = 5; lastKnownFileType = text; path = Doxyfile; sourceTree = "<group>"; };
		FA322DA50CEF752C001761B3 /* footer.inc.html */ = {isa = PBXFileReference; fileEncoding = 5; lastKnownFileType = text.html; path = footer.inc.html; sourceTree = "<group>"; };
		FA322DA70CEF752C001761B3 /* Makefile.am */ = {isa = PBXFileReference; fileEncoding = 5; lastKnownFileType = text; path = Makefile.am; sourceTree = "<group>"; };
		FA322DA90CEF752C001761B3 /* SSL.txt */ = {isa = PBXFileReference; fileEncoding = 5; lastKnownFileType = text; path = SSL.txt; sourceTree = "<group>"; };
		FA322DAD0CEF7538001761B3 /* Makefile.am */ = {isa = PBXFileReference; fileEncoding = 5; lastKnownFileType = text; path = Makefile.am; sourceTree = "<group>"; };
		FA322DAE0CEF7538001761B3 /* ngircd.8.tmpl */ = {isa = PBXFileReference; fileEncoding = 5; lastKnownFileType = text; path = ngircd.8.tmpl; sourceTree = "<group>"; };
		FA322DAF0CEF7538001761B3 /* ngircd.conf.5.tmpl */ = {isa = PBXFileReference; fileEncoding = 5; lastKnownFileType = text; path = ngircd.conf.5.tmpl; sourceTree = "<group>"; };
		FA322DB10CEF7565001761B3 /* config.h */ = {isa = PBXFileReference; fileEncoding = 4; lastKnownFileType = sourcecode.c.h; path = config.h; sourceTree = "<group>"; };
		FA322DC00CEF77CB001761B3 /* libz.dylib */ = {isa = PBXFileReference; lastKnownFileType = "compiled.mach-o.dylib"; name = libz.dylib; path = /usr/lib/libz.dylib; sourceTree = "<absolute>"; };
		FA407F2C0DB159F400271AF1 /* ng_ipaddr.c */ = {isa = PBXFileReference; fileEncoding = 5; lastKnownFileType = sourcecode.c.c; name = ng_ipaddr.c; path = ipaddr/ng_ipaddr.c; sourceTree = "<group>"; };
		FA407F2D0DB159F400271AF1 /* ng_ipaddr.h */ = {isa = PBXFileReference; fileEncoding = 5; lastKnownFileType = sourcecode.c.h; name = ng_ipaddr.h; path = ipaddr/ng_ipaddr.h; sourceTree = "<group>"; };
		FA4B08E513E7F8FB00765BA3 /* ngircd-bsd.sh */ = {isa = PBXFileReference; fileEncoding = 4; lastKnownFileType = text.script.sh; path = "ngircd-bsd.sh"; sourceTree = "<group>"; };
		FA4B08E613E7F91700765BA3 /* ngIRCd-Logo.gif */ = {isa = PBXFileReference; lastKnownFileType = image.gif; path = "ngIRCd-Logo.gif"; sourceTree = "<group>"; };
		FA4B08E713E7F91700765BA3 /* ngircd-redhat.init */ = {isa = PBXFileReference; fileEncoding = 4; lastKnownFileType = text.script.sh; path = "ngircd-redhat.init"; sourceTree = "<group>"; };
		FA4B08E813E7F91C00765BA3 /* platformtest.sh */ = {isa = PBXFileReference; fileEncoding = 4; lastKnownFileType = text.script.sh; path = platformtest.sh; sourceTree = "<group>"; };
		FA4B4F542055B47C00A04296 /* ngircd.logcheck */ = {isa = PBXFileReference; lastKnownFileType = text; path = ngircd.logcheck; sourceTree = "<group>"; };
		FA4B4F552055B4C800A04296 /* source */ = {isa = PBXFileReference; lastKnownFileType = folder; path = source; sourceTree = "<group>"; };
		FA4F1659164836B100DBD011 /* irc-metadata.c */ = {isa = PBXFileReference; fileEncoding = 4; lastKnownFileType = sourcecode.c.c; path = "irc-metadata.c"; sourceTree = "<group>"; };
		FA4F165C164836BF00DBD011 /* irc-metadata.h */ = {isa = PBXFileReference; fileEncoding = 4; lastKnownFileType = sourcecode.c.h; path = "irc-metadata.h"; sourceTree = "<group>"; };
		FA6BBC5F1605F0AB0004247A /* conn-encoding.c */ = {isa = PBXFileReference; fileEncoding = 4; lastKnownFileType = sourcecode.c.c; path = "conn-encoding.c"; sourceTree = "<group>"; };
		FA6BBC601605F0AC0004247A /* conn-encoding.h */ = {isa = PBXFileReference; fileEncoding = 4; lastKnownFileType = sourcecode.c.h; path = "conn-encoding.h"; sourceTree = "<group>"; };
		FA6BBC611605F0AC0004247A /* irc-encoding.c */ = {isa = PBXFileReference; fileEncoding = 4; lastKnownFileType = sourcecode.c.c; path = "irc-encoding.c"; sourceTree = "<group>"; };
		FA6BBC621605F0AC0004247A /* irc-encoding.h */ = {isa = PBXFileReference; fileEncoding = 4; lastKnownFileType = sourcecode.c.h; path = "irc-encoding.h"; sourceTree = "<group>"; };
		FA6BBC651605F6D60004247A /* libiconv.dylib */ = {isa = PBXFileReference; lastKnownFileType = "compiled.mach-o.dylib"; name = libiconv.dylib; path = ../../../../../../../usr/lib/libiconv.dylib; sourceTree = "<group>"; };
		FA77849A133FB9FF00740057 /* sample-ngircd.conf.tmpl */ = {isa = PBXFileReference; fileEncoding = 4; lastKnownFileType = text; path = "sample-ngircd.conf.tmpl"; sourceTree = "<group>"; };
		FA85178A0FA061EC006A1F5A /* op.h */ = {isa = PBXFileReference; fileEncoding = 5; lastKnownFileType = sourcecode.c.h; path = op.h; sourceTree = "<group>"; };
		FA85178B0FA061EC006A1F5A /* op.c */ = {isa = PBXFileReference; fileEncoding = 5; lastKnownFileType = sourcecode.c.c; path = op.c; sourceTree = "<group>"; };
		FA99428A10E82A27007F27ED /* proc.h */ = {isa = PBXFileReference; fileEncoding = 4; lastKnownFileType = sourcecode.c.h; path = proc.h; sourceTree = "<group>"; };
		FA99428B10E82A27007F27ED /* proc.c */ = {isa = PBXFileReference; fileEncoding = 4; lastKnownFileType = sourcecode.c.c; path = proc.c; sourceTree = "<group>"; };
		FAA3D2700F139CB300B2447E /* invite-test.e */ = {isa = PBXFileReference; fileEncoding = 5; lastKnownFileType = text; path = "invite-test.e"; sourceTree = "<group>"; };
		FAA3D2710F139CB300B2447E /* join-test.e */ = {isa = PBXFileReference; fileEncoding = 5; lastKnownFileType = text; path = "join-test.e"; sourceTree = "<group>"; };
		FAA3D2720F139CB300B2447E /* kick-test.e */ = {isa = PBXFileReference; fileEncoding = 5; lastKnownFileType = text; path = "kick-test.e"; sourceTree = "<group>"; };
		FAA3D2730F139CB300B2447E /* message-test.e */ = {isa = PBXFileReference; fileEncoding = 5; lastKnownFileType = text; path = "message-test.e"; sourceTree = "<group>"; };
		FAA3D2740F139CB300B2447E /* ngircd-test1.conf */ = {isa = PBXFileReference; fileEncoding = 5; lastKnownFileType = text; path = "ngircd-test1.conf"; sourceTree = "<group>"; };
		FAA3D2750F139CB300B2447E /* ngircd-test2.conf */ = {isa = PBXFileReference; fileEncoding = 5; lastKnownFileType = text; path = "ngircd-test2.conf"; sourceTree = "<group>"; };
		FAA3D2760F139CB300B2447E /* opless-channel-test.e */ = {isa = PBXFileReference; fileEncoding = 5; lastKnownFileType = text; path = "opless-channel-test.e"; sourceTree = "<group>"; };
		FAA3D2770F139CB300B2447E /* server-link-test.e */ = {isa = PBXFileReference; fileEncoding = 5; lastKnownFileType = text; path = "server-link-test.e"; sourceTree = "<group>"; };
		FAA3D2780F139CDC00B2447E /* conf-ssl.h */ = {isa = PBXFileReference; fileEncoding = 5; lastKnownFileType = sourcecode.c.h; path = "conf-ssl.h"; sourceTree = "<group>"; };
		FAA3D2790F139CDC00B2447E /* conn-ssl.c */ = {isa = PBXFileReference; fileEncoding = 5; lastKnownFileType = sourcecode.c.c; path = "conn-ssl.c"; sourceTree = "<group>"; };
		FAA3D27A0F139CDC00B2447E /* conn-ssl.h */ = {isa = PBXFileReference; fileEncoding = 5; lastKnownFileType = sourcecode.c.h; path = "conn-ssl.h"; sourceTree = "<group>"; };
		FAA3D27C0F139CF800B2447E /* strtok_r.c */ = {isa = PBXFileReference; fileEncoding = 5; lastKnownFileType = sourcecode.c.c; path = strtok_r.c; sourceTree = "<group>"; };
		FAA3D27D0F139CF800B2447E /* waitpid.c */ = {isa = PBXFileReference; fileEncoding = 5; lastKnownFileType = sourcecode.c.c; path = waitpid.c; sourceTree = "<group>"; };
		FAA3D2800F139D1500B2447E /* Services.txt */ = {isa = PBXFileReference; fileEncoding = 5; lastKnownFileType = text; path = Services.txt; sourceTree = "<group>"; };
		FAA3D2820F139D2E00B2447E /* 01ngircd-contents.xml */ = {isa = PBXFileReference; fileEncoding = 5; lastKnownFileType = text.xml; path = "01ngircd-contents.xml"; sourceTree = "<group>"; };
		FAA3D2830F139D2E00B2447E /* 01ngircd.xml */ = {isa = PBXFileReference; fileEncoding = 5; lastKnownFileType = text.xml; path = 01ngircd.xml; sourceTree = "<group>"; };
		FAA3D2840F139D2E00B2447E /* 02de-contents.xml */ = {isa = PBXFileReference; fileEncoding = 5; lastKnownFileType = text.xml; path = "02de-contents.xml"; sourceTree = "<group>"; };
		FAA3D2850F139D2E00B2447E /* 02de.xml */ = {isa = PBXFileReference; fileEncoding = 5; lastKnownFileType = text.xml; path = 02de.xml; sourceTree = "<group>"; };
		FAA3D2860F139D2E00B2447E /* index.xml */ = {isa = PBXFileReference; fileEncoding = 5; lastKnownFileType = text.xml; path = index.xml; sourceTree = "<group>"; };
		FAA3D2880F139D2E00B2447E /* Makefile.am */ = {isa = PBXFileReference; fileEncoding = 5; lastKnownFileType = text; path = Makefile.am; sourceTree = "<group>"; };
		FAA3D28A0F139D2E00B2447E /* postinstall.sh */ = {isa = PBXFileReference; fileEncoding = 5; lastKnownFileType = text.script.sh; path = postinstall.sh; sourceTree = "<group>"; };
		FAA3D28B0F139D2E00B2447E /* preinstall.sh */ = {isa = PBXFileReference; fileEncoding = 5; lastKnownFileType = text.script.sh; path = preinstall.sh; sourceTree = "<group>"; };
		FAA97C55124A271400D5BBA9 /* sighandlers.c */ = {isa = PBXFileReference; fileEncoding = 5; lastKnownFileType = sourcecode.c.c; path = sighandlers.c; sourceTree = "<group>"; };
		FAA97C56124A271400D5BBA9 /* sighandlers.h */ = {isa = PBXFileReference; fileEncoding = 5; lastKnownFileType = sourcecode.c.h; path = sighandlers.h; sourceTree = "<group>"; };
		FAACD5F314A6099C006ED74F /* class.c */ = {isa = PBXFileReference; fileEncoding = 4; lastKnownFileType = sourcecode.c.c; path = class.c; sourceTree = "<group>"; };
		FAACD5F414A6099C006ED74F /* class.h */ = {isa = PBXFileReference; fileEncoding = 4; lastKnownFileType = sourcecode.c.h; path = class.h; sourceTree = "<group>"; };
		FAD5852F15271A7800328741 /* Capabilities.txt */ = {isa = PBXFileReference; lastKnownFileType = text; path = Capabilities.txt; sourceTree = "<group>"; };
		FAD5853015271AAB00328741 /* client-cap.c */ = {isa = PBXFileReference; fileEncoding = 4; lastKnownFileType = sourcecode.c.c; path = "client-cap.c"; sourceTree = "<group>"; };
		FAD5853115271AAB00328741 /* client-cap.h */ = {isa = PBXFileReference; fileEncoding = 4; lastKnownFileType = sourcecode.c.h; path = "client-cap.h"; sourceTree = "<group>"; };
		FAD5853315271AB800328741 /* irc-cap.c */ = {isa = PBXFileReference; fileEncoding = 4; lastKnownFileType = sourcecode.c.c; path = "irc-cap.c"; sourceTree = "<group>"; };
		FAD5853415271AB800328741 /* irc-cap.h */ = {isa = PBXFileReference; fileEncoding = 4; lastKnownFileType = sourcecode.c.h; path = "irc-cap.h"; sourceTree = "<group>"; };
		FAD5853615272C2500328741 /* login.c */ = {isa = PBXFileReference; fileEncoding = 4; lastKnownFileType = sourcecode.c.c; path = login.c; sourceTree = "<group>"; };
		FAD5853715272C2500328741 /* login.h */ = {isa = PBXFileReference; fileEncoding = 4; lastKnownFileType = sourcecode.c.h; path = login.h; sourceTree = "<group>"; };
		FAE22BD215270EA300F1A5AB /* Bopm.txt */ = {isa = PBXFileReference; lastKnownFileType = text; path = Bopm.txt; sourceTree = "<group>"; };
		FAE22BD415270EA300F1A5AB /* Contributing.txt */ = {isa = PBXFileReference; lastKnownFileType = text; path = Contributing.txt; sourceTree = "<group>"; };
		FAE22BD515270EB500F1A5AB /* HowToRelease.txt */ = {isa = PBXFileReference; lastKnownFileType = text; path = HowToRelease.txt; sourceTree = "<group>"; };
		FAE22BD615270EB500F1A5AB /* Modes.txt */ = {isa = PBXFileReference; lastKnownFileType = text; path = Modes.txt; sourceTree = "<group>"; };
		FAE22BD715270EB500F1A5AB /* PAM.txt */ = {isa = PBXFileReference; lastKnownFileType = text; path = PAM.txt; sourceTree = "<group>"; };
		FAE22BD815270EC400F1A5AB /* README-Interix.txt */ = {isa = PBXFileReference; lastKnownFileType = text; path = "README-Interix.txt"; sourceTree = "<group>"; };
		FAE5CC2C0CF2308A007D69B6 /* numeric.h */ = {isa = PBXFileReference; fileEncoding = 4; lastKnownFileType = sourcecode.c.h; path = numeric.h; sourceTree = "<group>"; };
		FAE5CC2D0CF2308A007D69B6 /* numeric.c */ = {isa = PBXFileReference; fileEncoding = 4; lastKnownFileType = sourcecode.c.c; path = numeric.c; sourceTree = "<group>"; };
/* End PBXFileReference section */

/* Begin PBXFrameworksBuildPhase section */
		8DD76FAD0486AB0100D96B5E /* Frameworks */ = {
			isa = PBXFrameworksBuildPhase;
			buildActionMask = 2147483647;
			files = (
				FA322DC10CEF77CB001761B3 /* libz.dylib in Frameworks */,
				FA2D567B11EA1AB300D37A35 /* libpam.dylib in Frameworks */,
				FA6BBC661605F6D60004247A /* libiconv.dylib in Frameworks */,
			);
			runOnlyForDeploymentPostprocessing = 0;
		};
/* End PBXFrameworksBuildPhase section */

/* Begin PBXGroup section */
		08FB7794FE84155DC02AAC07 /* ngIRCd */ = {
			isa = PBXGroup;
			children = (
				FA322D630CEF750F001761B3 /* Makefile.am */,
				FA322D660CEF7523001761B3 /* contrib */,
				FA322D970CEF752C001761B3 /* doc */,
				FA322DAB0CEF7538001761B3 /* man */,
				FA322CD40CEF74B0001761B3 /* src */,
				FA322D5A0CEF750F001761B3 /* AUTHORS */,
				FA322D5C0CEF750F001761B3 /* ChangeLog */,
				FA322D610CEF750F001761B3 /* COPYING */,
				FA322D620CEF750F001761B3 /* INSTALL */,
				FA322D640CEF750F001761B3 /* NEWS */,
				FA322D650CEF750F001761B3 /* README */,
				FA322D5B0CEF750F001761B3 /* autogen.sh */,
				FA322D5E0CEF750F001761B3 /* config.guess */,
				FA322D5F0CEF750F001761B3 /* config.sub */,
				FA18A63E16CEDDCE00132F66 /* configure.ng */,
				1AB674ADFE9D54B511CA2CBB /* Products */,
				FA6BBC651605F6D60004247A /* libiconv.dylib */,
				FA2D567A11EA1AB300D37A35 /* libpam.dylib */,
				FA322DC00CEF77CB001761B3 /* libz.dylib */,
			);
			indentWidth = 8;
			name = ngIRCd;
			sourceTree = "<group>";
			tabWidth = 8;
			usesTabs = 1;
			wrapsLines = 0;
		};
		1AB674ADFE9D54B511CA2CBB /* Products */ = {
			isa = PBXGroup;
			children = (
				FA322BBA0CEF72E4001761B3 /* ngircd */,
			);
			name = Products;
			sourceTree = "<group>";
		};
		FA322CD40CEF74B0001761B3 /* src */ = {
			isa = PBXGroup;
			children = (
				FA322CD60CEF74B1001761B3 /* Makefile.am */,
				FA407F270DB1598D00271AF1 /* ipaddr */,
				FA322CD70CEF74B1001761B3 /* ngircd */,
				FA322D0E0CEF74B1001761B3 /* portab */,
				FA322D1B0CEF74B1001761B3 /* testsuite */,
				FA322D2E0CEF74B1001761B3 /* tool */,
			);
			name = src;
			path = ../../src;
			sourceTree = SOURCE_ROOT;
		};
		FA322CD70CEF74B1001761B3 /* ngircd */ = {
			isa = PBXGroup;
			children = (
				FA18A64616CEE0DD00132F66 /* Makefile.ng */,
				FA322CD90CEF74B1001761B3 /* array.c */,
				FA322CDA0CEF74B1001761B3 /* array.h */,
				FA322CDB0CEF74B1001761B3 /* channel.c */,
				FA322CDC0CEF74B1001761B3 /* channel.h */,
				FAACD5F314A6099C006ED74F /* class.c */,
				FAACD5F414A6099C006ED74F /* class.h */,
				FA322CDD0CEF74B1001761B3 /* client.c */,
				FA322CDE0CEF74B1001761B3 /* client.h */,
				FAD5853015271AAB00328741 /* client-cap.c */,
				FAD5853115271AAB00328741 /* client-cap.h */,
				FA322CDF0CEF74B1001761B3 /* conf.c */,
				FA322CE00CEF74B1001761B3 /* conf.h */,
				FAA3D2780F139CDC00B2447E /* conf-ssl.h */,
				FA322CE50CEF74B1001761B3 /* conn.c */,
				FA322CE60CEF74B1001761B3 /* conn.h */,
				FA6BBC5F1605F0AB0004247A /* conn-encoding.c */,
				FA6BBC601605F0AC0004247A /* conn-encoding.h */,
				FA322CE10CEF74B1001761B3 /* conn-func.c */,
				FA322CE20CEF74B1001761B3 /* conn-func.h */,
				FAA3D2790F139CDC00B2447E /* conn-ssl.c */,
				FAA3D27A0F139CDC00B2447E /* conn-ssl.h */,
				FA322CE30CEF74B1001761B3 /* conn-zip.c */,
				FA322CE40CEF74B1001761B3 /* conn-zip.h */,
				FA322CE70CEF74B1001761B3 /* defines.h */,
				FA322CE80CEF74B1001761B3 /* hash.c */,
				FA322CE90CEF74B1001761B3 /* hash.h */,
				FA322CEA0CEF74B1001761B3 /* io.c */,
				FA322CEB0CEF74B1001761B3 /* io.h */,
				FA322CFC0CEF74B1001761B3 /* irc.c */,
				FA322CFD0CEF74B1001761B3 /* irc.h */,
				FAD5853315271AB800328741 /* irc-cap.c */,
				FAD5853415271AB800328741 /* irc-cap.h */,
				FA322CEC0CEF74B1001761B3 /* irc-channel.c */,
				FA322CED0CEF74B1001761B3 /* irc-channel.h */,
				FA6BBC611605F0AC0004247A /* irc-encoding.c */,
				FA6BBC621605F0AC0004247A /* irc-encoding.h */,
				FA322CEE0CEF74B1001761B3 /* irc-info.c */,
				FA322CEF0CEF74B1001761B3 /* irc-info.h */,
				FA322CF00CEF74B1001761B3 /* irc-login.c */,
				FA322CF10CEF74B1001761B3 /* irc-login.h */,
				FA1DBB6716C707D200D4F838 /* irc-macros.h */,
				FA4F1659164836B100DBD011 /* irc-metadata.c */,
				FA4F165C164836BF00DBD011 /* irc-metadata.h */,
				FA322CF20CEF74B1001761B3 /* irc-mode.c */,
				FA322CF30CEF74B1001761B3 /* irc-mode.h */,
				FA322CF40CEF74B1001761B3 /* irc-op.c */,
				FA322CF50CEF74B1001761B3 /* irc-op.h */,
				FA322CF60CEF74B1001761B3 /* irc-oper.c */,
				FA322CF70CEF74B1001761B3 /* irc-oper.h */,
				FA322CF80CEF74B1001761B3 /* irc-server.c */,
				FA322CF90CEF74B1001761B3 /* irc-server.h */,
				FA322CFA0CEF74B1001761B3 /* irc-write.c */,
				FA322CFB0CEF74B1001761B3 /* irc-write.h */,
				FA322CFE0CEF74B1001761B3 /* lists.c */,
				FA322CFF0CEF74B1001761B3 /* lists.h */,
				FA322D000CEF74B1001761B3 /* log.c */,
				FA322D010CEF74B1001761B3 /* log.h */,
				FAD5853615272C2500328741 /* login.c */,
				FAD5853715272C2500328741 /* login.h */,
				FA322D030CEF74B1001761B3 /* match.c */,
				FA322D040CEF74B1001761B3 /* match.h */,
				FA322D050CEF74B1001761B3 /* messages.h */,
				FA322D060CEF74B1001761B3 /* ngircd.c */,
				FA322D070CEF74B1001761B3 /* ngircd.h */,
				FAE5CC2D0CF2308A007D69B6 /* numeric.c */,
				FAE5CC2C0CF2308A007D69B6 /* numeric.h */,
				FA85178B0FA061EC006A1F5A /* op.c */,
				FA85178A0FA061EC006A1F5A /* op.h */,
				FA2D564911EA158B00D37A35 /* pam.c */,
				FA2D564811EA158B00D37A35 /* pam.h */,
				FA322D080CEF74B1001761B3 /* parse.c */,
				FA322D090CEF74B1001761B3 /* parse.h */,
				FA99428B10E82A27007F27ED /* proc.c */,
				FA99428A10E82A27007F27ED /* proc.h */,
				FA322D0C0CEF74B1001761B3 /* resolve.c */,
				FA322D0D0CEF74B1001761B3 /* resolve.h */,
				FAA97C55124A271400D5BBA9 /* sighandlers.c */,
				FAA97C56124A271400D5BBA9 /* sighandlers.h */,
			);
			path = ngircd;
			sourceTree = "<group>";
		};
		FA322D0E0CEF74B1001761B3 /* portab */ = {
			isa = PBXGroup;
			children = (
				FA18A64716CEE14900132F66 /* Makefile.ng */,
				FA322D100CEF74B1001761B3 /* ansi2knr.1 */,
				FA322D110CEF74B1001761B3 /* ansi2knr.c */,
				FA322D150CEF74B1001761B3 /* portab.h */,
				FA322D160CEF74B1001761B3 /* portabtest.c */,
				FA322D170CEF74B1001761B3 /* splint.h */,
				FA322D180CEF74B1001761B3 /* strdup.c */,
				FA322D190CEF74B1001761B3 /* strlcpy.c */,
				FAA3D27C0F139CF800B2447E /* strtok_r.c */,
				FA322D1A0CEF74B1001761B3 /* vsnprintf.c */,
				FAA3D27D0F139CF800B2447E /* waitpid.c */,
			);
			path = portab;
			sourceTree = "<group>";
		};
		FA322D1B0CEF74B1001761B3 /* testsuite */ = {
			isa = PBXGroup;
			children = (
				FA18A64A16CEE18100132F66 /* Makefile.ng */,
				FA322D250CEF74B1001761B3 /* README */,
				FA322D1D0CEF74B1001761B3 /* channel-test.e */,
				FA322D1E0CEF74B1001761B3 /* check-idle.e */,
				FA322D1F0CEF74B1001761B3 /* connect-test.e */,
				FAA3D2700F139CB300B2447E /* invite-test.e */,
				FAA3D2710F139CB300B2447E /* join-test.e */,
				FAA3D2720F139CB300B2447E /* kick-test.e */,
				FAA3D2730F139CB300B2447E /* message-test.e */,
				FA18A64E16CEE24B00132F66 /* misc-test.e */,
				FA18A64C16CEE1AC00132F66 /* mode-test.e */,
				FAA3D2760F139CB300B2447E /* opless-channel-test.e */,
				FAA3D2770F139CB300B2447E /* server-link-test.e */,
				FA322D280CEF74B1001761B3 /* stress-A.e */,
				FA322D290CEF74B1001761B3 /* stress-B.e */,
				FA1A6BBD0D6857D900AA8F71 /* who-test.e */,
				FA18A64D16CEE1D900132F66 /* whois-test.e */,
				FA322D200CEF74B1001761B3 /* functions.inc */,
				FAA3D2740F139CB300B2447E /* ngircd-test1.conf */,
				FAA3D2750F139CB300B2447E /* ngircd-test2.conf */,
				FA322D210CEF74B1001761B3 /* getpid.sh */,
				FA322D260CEF74B1001761B3 /* start-server.sh */,
				FA322D270CEF74B1001761B3 /* stop-server.sh */,
				FA322D2A0CEF74B1001761B3 /* stress-server.sh */,
				FA322D2B0CEF74B1001761B3 /* test-loop.sh */,
				FA322D2C0CEF74B1001761B3 /* tests.sh */,
				FA322D2D0CEF74B1001761B3 /* wait-tests.sh */,
			);
			path = testsuite;
			sourceTree = "<group>";
		};
		FA322D2E0CEF74B1001761B3 /* tool */ = {
			isa = PBXGroup;
			children = (
				FA18A64F16CEE27700132F66 /* Makefile.ng */,
				FA322D330CEF74B1001761B3 /* tool.c */,
				FA322D340CEF74B1001761B3 /* tool.h */,
			);
			path = tool;
			sourceTree = "<group>";
		};
		FA322D660CEF7523001761B3 /* contrib */ = {
			isa = PBXGroup;
			children = (
				FA322D8D0CEF7523001761B3 /* Makefile.am */,
				FA322D680CEF7523001761B3 /* Debian */,
				FA322D730CEF7523001761B3 /* MacOSX */,
				FA322D950CEF7523001761B3 /* README */,
				FA322D920CEF7523001761B3 /* ngindent */,
				FA4B08E513E7F8FB00765BA3 /* ngircd-bsd.sh */,
				FA4B08E613E7F91700765BA3 /* ngIRCd-Logo.gif */,
				FA4B08E713E7F91700765BA3 /* ngircd-redhat.init */,
				FA4B4F542055B47C00A04296 /* ngircd.logcheck */,
				FA18A63F16CEDE2300132F66 /* ngircd.service */,
				FA18A64016CEDE2300132F66 /* ngircd.socket */,
				FA322D940CEF7523001761B3 /* ngircd.spec */,
				FA4B08E813E7F91C00765BA3 /* platformtest.sh */,
				FA322D960CEF7523001761B3 /* systrace.policy */,
			);
			name = contrib;
			path = ..;
			sourceTree = SOURCE_ROOT;
		};
		FA322D680CEF7523001761B3 /* Debian */ = {
			isa = PBXGroup;
			children = (
				FA322D6E0CEF7523001761B3 /* Makefile.am */,
				FA322D6A0CEF7523001761B3 /* changelog */,
				FA322D6B0CEF7523001761B3 /* compat */,
				FA322D6C0CEF7523001761B3 /* control */,
				FA322D6D0CEF7523001761B3 /* copyright */,
				FA322D6F0CEF7523001761B3 /* ngircd.default */,
				FA322D700CEF7523001761B3 /* ngircd.init */,
				FA18A64116CEDE3500132F66 /* ngircd.pam */,
				FA322D710CEF7523001761B3 /* ngircd.postinst */,
				FA322D720CEF7523001761B3 /* rules */,
				FA4B4F552055B4C800A04296 /* source */,
			);
			path = Debian;
			sourceTree = "<group>";
		};
		FA322D730CEF7523001761B3 /* MacOSX */ = {
			isa = PBXGroup;
			children = (
				FA18A64316CEDE8100132F66 /* Makefile.am */,
				FAA3D2810F139D2E00B2447E /* ngIRCd.pmdoc */,
				FA322DB10CEF7565001761B3 /* config.h */,
				FA18A64216CEDE5700132F66 /* de.barton.ngircd.plist.tmpl */,
				FA322D8E0CEF7523001761B3 /* ngIRCd.xcodeproj */,
				FAA3D28A0F139D2E00B2447E /* postinstall.sh */,
				FAA3D28B0F139D2E00B2447E /* preinstall.sh */,
			);
			path = MacOSX;
			sourceTree = "<group>";
		};
		FA322D8F0CEF7523001761B3 /* Products */ = {
			isa = PBXGroup;
			children = (
			);
			name = Products;
			sourceTree = "<group>";
		};
		FA322D970CEF752C001761B3 /* doc */ = {
			isa = PBXGroup;
			children = (
				FA322D9B0CEF752C001761B3 /* Makefile.am */,
				FA322DA20CEF752C001761B3 /* src */,
				FAE22BD215270EA300F1A5AB /* Bopm.txt */,
				FAD5852F15271A7800328741 /* Capabilities.txt */,
				FA18A64416CEDFCE00132F66 /* Commands.txt */,
				FAE22BD415270EA300F1A5AB /* Contributing.txt */,
				FA322D9A0CEF752C001761B3 /* FAQ.txt */,
				FAE22BD515270EB500F1A5AB /* HowToRelease.txt */,
				FAE22BD615270EB500F1A5AB /* Modes.txt */,
				FAE22BD715270EB500F1A5AB /* PAM.txt */,
				FA322D9C0CEF752C001761B3 /* Platforms.txt */,
				FA322D9D0CEF752C001761B3 /* Protocol.txt */,
				FA322D9E0CEF752C001761B3 /* README-AUX.txt */,
				FA322D9F0CEF752C001761B3 /* README-BeOS.txt */,
				FAE22BD815270EC400F1A5AB /* README-Interix.txt */,
				FA322DA00CEF752C001761B3 /* RFC.txt */,
				FAA3D2800F139D1500B2447E /* Services.txt */,
				FA322DA90CEF752C001761B3 /* SSL.txt */,
				FA77849A133FB9FF00740057 /* sample-ngircd.conf.tmpl */,
			);
			name = doc;
			path = ../../doc;
			sourceTree = SOURCE_ROOT;
		};
		FA322DA20CEF752C001761B3 /* src */ = {
			isa = PBXGroup;
			children = (
				FA322DA70CEF752C001761B3 /* Makefile.am */,
				FA322DA40CEF752C001761B3 /* Doxyfile */,
				FA322DA50CEF752C001761B3 /* footer.inc.html */,
			);
			path = src;
			sourceTree = "<group>";
		};
		FA322DAB0CEF7538001761B3 /* man */ = {
			isa = PBXGroup;
			children = (
				FA322DAD0CEF7538001761B3 /* Makefile.am */,
				FA322DAE0CEF7538001761B3 /* ngircd.8.tmpl */,
				FA322DAF0CEF7538001761B3 /* ngircd.conf.5.tmpl */,
			);
			name = man;
			path = ../../man;
			sourceTree = SOURCE_ROOT;
		};
		FA407F270DB1598D00271AF1 /* ipaddr */ = {
			isa = PBXGroup;
			children = (
				FA18A64516CEE0C700132F66 /* Makefile.ng */,
				FA407F2C0DB159F400271AF1 /* ng_ipaddr.c */,
				FA407F2D0DB159F400271AF1 /* ng_ipaddr.h */,
			);
			name = ipaddr;
			sourceTree = "<group>";
		};
		FAA3D2810F139D2E00B2447E /* ngIRCd.pmdoc */ = {
			isa = PBXGroup;
			children = (
				FAA3D2880F139D2E00B2447E /* Makefile.am */,
				FAA3D2860F139D2E00B2447E /* index.xml */,
				FAA3D2830F139D2E00B2447E /* 01ngircd.xml */,
				FAA3D2820F139D2E00B2447E /* 01ngircd-contents.xml */,
				FAA3D2850F139D2E00B2447E /* 02de.xml */,
				FAA3D2840F139D2E00B2447E /* 02de-contents.xml */,
			);
			path = ngIRCd.pmdoc;
			sourceTree = "<group>";
		};
/* End PBXGroup section */

/* Begin PBXNativeTarget section */
		8DD76FA90486AB0100D96B5E /* ngIRCd */ = {
			isa = PBXNativeTarget;
			buildConfigurationList = 1DEB928508733DD80010E9CD /* Build configuration list for PBXNativeTarget "ngIRCd" */;
			buildPhases = (
				8DD76FAB0486AB0100D96B5E /* Sources */,
				8DD76FAD0486AB0100D96B5E /* Frameworks */,
			);
			buildRules = (
			);
			dependencies = (
			);
			name = ngIRCd;
			productInstallPath = "$(HOME)/bin";
			productName = ngIRCd;
			productReference = FA322BBA0CEF72E4001761B3 /* ngircd */;
			productType = "com.apple.product-type.tool";
		};
/* End PBXNativeTarget section */

/* Begin PBXProject section */
		08FB7793FE84155DC02AAC07 /* Project object */ = {
			isa = PBXProject;
			attributes = {
				LastUpgradeCheck = 1000;
			};
			buildConfigurationList = 1DEB928908733DD80010E9CD /* Build configuration list for PBXProject "ngIRCd" */;
			compatibilityVersion = "Xcode 3.2";
			developmentRegion = English;
			hasScannedForEncodings = 1;
			knownRegions = (
				English,
				Japanese,
				French,
				German,
			);
			mainGroup = 08FB7794FE84155DC02AAC07 /* ngIRCd */;
			projectDirPath = "";
			projectReferences = (
				{
					ProductGroup = FA322D8F0CEF7523001761B3 /* Products */;
					ProjectRef = FA322D8E0CEF7523001761B3 /* ngIRCd.xcodeproj */;
				},
			);
			projectRoot = "";
			targets = (
				8DD76FA90486AB0100D96B5E /* ngIRCd */,
			);
		};
/* End PBXProject section */

/* Begin PBXSourcesBuildPhase section */
		8DD76FAB0486AB0100D96B5E /* Sources */ = {
			isa = PBXSourcesBuildPhase;
			buildActionMask = 2147483647;
			files = (
				FA322D350CEF74B1001761B3 /* array.c in Sources */,
				FA322D360CEF74B1001761B3 /* channel.c in Sources */,
				FA322D370CEF74B1001761B3 /* client.c in Sources */,
				FA322D380CEF74B1001761B3 /* conf.c in Sources */,
				FA322D390CEF74B1001761B3 /* conn-func.c in Sources */,
				FA322D3A0CEF74B1001761B3 /* conn-zip.c in Sources */,
				FA322D3B0CEF74B1001761B3 /* conn.c in Sources */,
				FA322D3C0CEF74B1001761B3 /* hash.c in Sources */,
				FA322D3D0CEF74B1001761B3 /* io.c in Sources */,
				FA322D3E0CEF74B1001761B3 /* irc-channel.c in Sources */,
				FA322D3F0CEF74B1001761B3 /* irc-info.c in Sources */,
				FA322D400CEF74B1001761B3 /* irc-login.c in Sources */,
				FA322D410CEF74B1001761B3 /* irc-mode.c in Sources */,
				FA322D420CEF74B1001761B3 /* irc-op.c in Sources */,
				FA322D430CEF74B1001761B3 /* irc-oper.c in Sources */,
				FA322D440CEF74B1001761B3 /* irc-server.c in Sources */,
				FA322D450CEF74B1001761B3 /* irc-write.c in Sources */,
				FA322D460CEF74B1001761B3 /* irc.c in Sources */,
				FA322D470CEF74B1001761B3 /* lists.c in Sources */,
				FA322D480CEF74B1001761B3 /* log.c in Sources */,
				FA322D490CEF74B1001761B3 /* match.c in Sources */,
				FA322D4A0CEF74B1001761B3 /* ngircd.c in Sources */,
				FA322D4B0CEF74B1001761B3 /* parse.c in Sources */,
				FA322D4D0CEF74B1001761B3 /* resolve.c in Sources */,
				FA322DBE0CEF7766001761B3 /* tool.c in Sources */,
				FAE5CC2E0CF2308A007D69B6 /* numeric.c in Sources */,
				FA407F2E0DB159F400271AF1 /* ng_ipaddr.c in Sources */,
				FAA3D27B0F139CDC00B2447E /* conn-ssl.c in Sources */,
				FA85178C0FA061EC006A1F5A /* op.c in Sources */,
				FA99428C10E82A27007F27ED /* proc.c in Sources */,
				FA2D564A11EA158B00D37A35 /* pam.c in Sources */,
				FAA97C57124A271400D5BBA9 /* sighandlers.c in Sources */,
				FAACD5F514A6099C006ED74F /* class.c in Sources */,
				FAD5853215271AAB00328741 /* client-cap.c in Sources */,
				FAD5853515271AB800328741 /* irc-cap.c in Sources */,
				FAD5853815272C2600328741 /* login.c in Sources */,
				FA6BBC631605F0AC0004247A /* conn-encoding.c in Sources */,
				FA6BBC641605F0AC0004247A /* irc-encoding.c in Sources */,
				FA4F165A164836B100DBD011 /* irc-metadata.c in Sources */,
			);
			runOnlyForDeploymentPostprocessing = 0;
		};
/* End PBXSourcesBuildPhase section */

/* Begin XCBuildConfiguration section */
		1DEB928708733DD80010E9CD /* Default */ = {
			isa = XCBuildConfiguration;
			buildSettings = {
			};
			name = Default;
		};
		1DEB928B08733DD80010E9CD /* Default */ = {
			isa = XCBuildConfiguration;
			buildSettings = {
				ALWAYS_SEARCH_USER_PATHS = NO;
				CLANG_WARN_ASSIGN_ENUM = YES;
				CLANG_WARN_COMMA = YES;
				CLANG_WARN_DOCUMENTATION_COMMENTS = YES;
				CLANG_WARN_EMPTY_BODY = YES;
				CLANG_WARN_INFINITE_RECURSION = YES;
				CLANG_WARN_SEMICOLON_BEFORE_METHOD_BODY = YES;
				CLANG_WARN_STRICT_PROTOTYPES = YES;
				CLANG_WARN_SUSPICIOUS_IMPLICIT_CONVERSION = YES;
				CLANG_WARN_UNREACHABLE_CODE = YES;
				GCC_WARN_64_TO_32_BIT_CONVERSION = YES;
				GCC_WARN_ABOUT_MISSING_FIELD_INITIALIZERS = YES;
				GCC_WARN_ABOUT_MISSING_NEWLINE = YES;
				GCC_WARN_ABOUT_MISSING_PROTOTYPES = YES;
				GCC_WARN_ABOUT_RETURN_TYPE = YES;
				GCC_WARN_FOUR_CHARACTER_CONSTANTS = YES;
				GCC_WARN_INITIALIZER_NOT_FULLY_BRACKETED = YES;
				GCC_WARN_PEDANTIC = YES;
				GCC_WARN_SHADOW = YES;
				GCC_WARN_SIGN_COMPARE = YES;
				GCC_WARN_UNINITIALIZED_AUTOS = YES;
				GCC_WARN_UNUSED_FUNCTION = YES;
				GCC_WARN_UNUSED_LABEL = YES;
				GCC_WARN_UNUSED_PARAMETER = YES;
				GCC_WARN_UNUSED_VARIABLE = YES;
				MACOSX_DEPLOYMENT_TARGET = 10.6;
				PRODUCT_NAME = ngircd;
			};
			name = Default;
		};
		FAB0570C105D917F006AF9E2 /* Debug */ = {
			isa = XCBuildConfiguration;
			buildSettings = {
				ALWAYS_SEARCH_USER_PATHS = NO;
				CLANG_WARN_ASSIGN_ENUM = YES;
				CLANG_WARN_COMMA = YES;
				CLANG_WARN_DOCUMENTATION_COMMENTS = YES;
				CLANG_WARN_EMPTY_BODY = YES;
				CLANG_WARN_INFINITE_RECURSION = YES;
				CLANG_WARN_SEMICOLON_BEFORE_METHOD_BODY = YES;
				CLANG_WARN_STRICT_PROTOTYPES = YES;
				CLANG_WARN_SUSPICIOUS_IMPLICIT_CONVERSION = YES;
				CLANG_WARN_UNREACHABLE_CODE = YES;
				GCC_WARN_64_TO_32_BIT_CONVERSION = YES;
				GCC_WARN_ABOUT_MISSING_FIELD_INITIALIZERS = YES;
				GCC_WARN_ABOUT_MISSING_NEWLINE = YES;
				GCC_WARN_ABOUT_MISSING_PROTOTYPES = YES;
				GCC_WARN_ABOUT_RETURN_TYPE = YES;
				GCC_WARN_FOUR_CHARACTER_CONSTANTS = YES;
				GCC_WARN_INITIALIZER_NOT_FULLY_BRACKETED = YES;
				GCC_WARN_PEDANTIC = YES;
				GCC_WARN_SHADOW = YES;
				GCC_WARN_SIGN_COMPARE = YES;
				GCC_WARN_UNINITIALIZED_AUTOS = YES;
				GCC_WARN_UNUSED_FUNCTION = YES;
				GCC_WARN_UNUSED_LABEL = YES;
				GCC_WARN_UNUSED_PARAMETER = YES;
				GCC_WARN_UNUSED_VARIABLE = YES;
				MACOSX_DEPLOYMENT_TARGET = 10.6;
				ONLY_ACTIVE_ARCH = YES;
				PRODUCT_NAME = ngircd;
				SDKROOT = "";
				STRIP_INSTALLED_PRODUCT = NO;
			};
			name = Debug;
		};
		FAB0570D105D917F006AF9E2 /* Debug */ = {
			isa = XCBuildConfiguration;
			buildSettings = {
			};
			name = Debug;
		};
/* End XCBuildConfiguration section */

/* Begin XCConfigurationList section */
		1DEB928508733DD80010E9CD /* Build configuration list for PBXNativeTarget "ngIRCd" */ = {
			isa = XCConfigurationList;
			buildConfigurations = (
				1DEB928708733DD80010E9CD /* Default */,
				FAB0570D105D917F006AF9E2 /* Debug */,
			);
			defaultConfigurationIsVisible = 0;
			defaultConfigurationName = Default;
		};
		1DEB928908733DD80010E9CD /* Build configuration list for PBXProject "ngIRCd" */ = {
			isa = XCConfigurationList;
			buildConfigurations = (
				1DEB928B08733DD80010E9CD /* Default */,
				FAB0570C105D917F006AF9E2 /* Debug */,
			);
			defaultConfigurationIsVisible = 0;
			defaultConfigurationName = Default;
		};
/* End XCConfigurationList section */
	};
	rootObject = 08FB7793FE84155DC02AAC07 /* Project object */;
}
